// !$*UTF8*$!
{
	archiveVersion = 1;
	classes = {
	};
	objectVersion = 50;
	objects = {

/* Begin PBXBuildFile section */
		CED9EAFE2B6E4BB80065FE23 /* AppDelegate.swift in Sources */ = {isa = PBXBuildFile; fileRef = CED9EAFD2B6E4BB80065FE23 /* AppDelegate.swift */; };
		CED9EB002B6E4BB80065FE23 /* SceneDelegate.swift in Sources */ = {isa = PBXBuildFile; fileRef = CED9EAFF2B6E4BB80065FE23 /* SceneDelegate.swift */; };
		CED9EB022B6E4BB80065FE23 /* ViewController.swift in Sources */ = {isa = PBXBuildFile; fileRef = CED9EB012B6E4BB80065FE23 /* ViewController.swift */; };
		CED9EB052B6E4BB80065FE23 /* Main.storyboard in Resources */ = {isa = PBXBuildFile; fileRef = CED9EB032B6E4BB80065FE23 /* Main.storyboard */; };
		CED9EB072B6E4BBB0065FE23 /* Assets.xcassets in Resources */ = {isa = PBXBuildFile; fileRef = CED9EB062B6E4BBB0065FE23 /* Assets.xcassets */; };
		CED9EB0A2B6E4BBB0065FE23 /* LaunchScreen.storyboard in Resources */ = {isa = PBXBuildFile; fileRef = CED9EB082B6E4BBB0065FE23 /* LaunchScreen.storyboard */; };
/* End PBXBuildFile section */

/* Begin PBXFileReference section */
		CED9EAFA2B6E4BB80065FE23 /* WorkoutApp(pet).app */ = {isa = PBXFileReference; explicitFileType = wrapper.application; includeInIndex = 0; path = "WorkoutApp(pet).app"; sourceTree = BUILT_PRODUCTS_DIR; };
		CED9EAFD2B6E4BB80065FE23 /* AppDelegate.swift */ = {isa = PBXFileReference; lastKnownFileType = sourcecode.swift; path = AppDelegate.swift; sourceTree = "<group>"; };
		CED9EAFF2B6E4BB80065FE23 /* SceneDelegate.swift */ = {isa = PBXFileReference; lastKnownFileType = sourcecode.swift; path = SceneDelegate.swift; sourceTree = "<group>"; };
		CED9EB012B6E4BB80065FE23 /* ViewController.swift */ = {isa = PBXFileReference; lastKnownFileType = sourcecode.swift; path = ViewController.swift; sourceTree = "<group>"; };
		CED9EB042B6E4BB80065FE23 /* Base */ = {isa = PBXFileReference; lastKnownFileType = file.storyboard; name = Base; path = Base.lproj/Main.storyboard; sourceTree = "<group>"; };
		CED9EB062B6E4BBB0065FE23 /* Assets.xcassets */ = {isa = PBXFileReference; lastKnownFileType = folder.assetcatalog; path = Assets.xcassets; sourceTree = "<group>"; };
		CED9EB092B6E4BBB0065FE23 /* Base */ = {isa = PBXFileReference; lastKnownFileType = file.storyboard; name = Base; path = Base.lproj/LaunchScreen.storyboard; sourceTree = "<group>"; };
		CED9EB0B2B6E4BBB0065FE23 /* Info.plist */ = {isa = PBXFileReference; lastKnownFileType = text.plist.xml; path = Info.plist; sourceTree = "<group>"; };
/* End PBXFileReference section */

/* Begin PBXFrameworksBuildPhase section */
		CED9EAF72B6E4BB80065FE23 /* Frameworks */ = {
			isa = PBXFrameworksBuildPhase;
			buildActionMask = 2147483647;
			files = (
			);
			runOnlyForDeploymentPostprocessing = 0;
		};
/* End PBXFrameworksBuildPhase section */

/* Begin PBXGroup section */
		CED9EAF12B6E4BB80065FE23 = {
			isa = PBXGroup;
			children = (
				CED9EAFC2B6E4BB80065FE23 /* WorkoutApp(pet) */,
				CED9EAFB2B6E4BB80065FE23 /* Products */,
			);
			sourceTree = "<group>";
		};
		CED9EAFB2B6E4BB80065FE23 /* Products */ = {
			isa = PBXGroup;
			children = (
				CED9EAFA2B6E4BB80065FE23 /* WorkoutApp(pet).app */,
			);
			name = Products;
			sourceTree = "<group>";
		};
		CED9EAFC2B6E4BB80065FE23 /* WorkoutApp(pet) */ = {
			isa = PBXGroup;
			children = (
				CED9EAFD2B6E4BB80065FE23 /* AppDelegate.swift */,
				CED9EAFF2B6E4BB80065FE23 /* SceneDelegate.swift */,
				CED9EB012B6E4BB80065FE23 /* ViewController.swift */,
				CED9EB032B6E4BB80065FE23 /* Main.storyboard */,
				CED9EB062B6E4BBB0065FE23 /* Assets.xcassets */,
				CED9EB082B6E4BBB0065FE23 /* LaunchScreen.storyboard */,
				CED9EB0B2B6E4BBB0065FE23 /* Info.plist */,
			);
			path = "WorkoutApp(pet)";
			sourceTree = "<group>";
		};
/* End PBXGroup section */

/* Begin PBXNativeTarget section */
		CED9EAF92B6E4BB80065FE23 /* WorkoutApp(pet) */ = {
			isa = PBXNativeTarget;
			buildConfigurationList = CED9EB0E2B6E4BBB0065FE23 /* Build configuration list for PBXNativeTarget "WorkoutApp(pet)" */;
			buildPhases = (
				CED9EAF62B6E4BB80065FE23 /* Sources */,
				CED9EAF72B6E4BB80065FE23 /* Frameworks */,
				CED9EAF82B6E4BB80065FE23 /* Resources */,
			);
			buildRules = (
			);
			dependencies = (
			);
			name = "WorkoutApp(pet)";
			productName = "WorkoutApp(pet)";
			productReference = CED9EAFA2B6E4BB80065FE23 /* WorkoutApp(pet).app */;
			productType = "com.apple.product-type.application";
		};
/* End PBXNativeTarget section */

/* Begin PBXProject section */
		CED9EAF22B6E4BB80065FE23 /* Project object */ = {
			isa = PBXProject;
			attributes = {
				LastSwiftUpdateCheck = 1250;
				LastUpgradeCheck = 1250;
				TargetAttributes = {
					CED9EAF92B6E4BB80065FE23 = {
						CreatedOnToolsVersion = 12.5.1;
					};
				};
			};
			buildConfigurationList = CED9EAF52B6E4BB80065FE23 /* Build configuration list for PBXProject "WorkoutApp(pet)" */;
			compatibilityVersion = "Xcode 9.3";
			developmentRegion = en;
			hasScannedForEncodings = 0;
			knownRegions = (
				en,
				Base,
			);
			mainGroup = CED9EAF12B6E4BB80065FE23;
			productRefGroup = CED9EAFB2B6E4BB80065FE23 /* Products */;
			projectDirPath = "";
			projectRoot = "";
			targets = (
				CED9EAF92B6E4BB80065FE23 /* WorkoutApp(pet) */,
			);
		};
/* End PBXProject section */

/* Begin PBXResourcesBuildPhase section */
		CED9EAF82B6E4BB80065FE23 /* Resources */ = {
			isa = PBXResourcesBuildPhase;
			buildActionMask = 2147483647;
			files = (
				CED9EB0A2B6E4BBB0065FE23 /* LaunchScreen.storyboard in Resources */,
				CED9EB072B6E4BBB0065FE23 /* Assets.xcassets in Resources */,
				CED9EB052B6E4BB80065FE23 /* Main.storyboard in Resources */,
			);
			runOnlyForDeploymentPostprocessing = 0;
		};
/* End PBXResourcesBuildPhase section */

/* Begin PBXSourcesBuildPhase section */
		CED9EAF62B6E4BB80065FE23 /* Sources */ = {
			isa = PBXSourcesBuildPhase;
			buildActionMask = 2147483647;
			files = (
				CED9EB022B6E4BB80065FE23 /* ViewController.swift in Sources */,
				CED9EAFE2B6E4BB80065FE23 /* AppDelegate.swift in Sources */,
				CED9EB002B6E4BB80065FE23 /* SceneDelegate.swift in Sources */,
			);
			runOnlyForDeploymentPostprocessing = 0;
		};
/* End PBXSourcesBuildPhase section */

/* Begin PBXVariantGroup section */
		CED9EB032B6E4BB80065FE23 /* Main.storyboard */ = {
			isa = PBXVariantGroup;
			children = (
				CED9EB042B6E4BB80065FE23 /* Base */,
			);
			name = Main.storyboard;
			sourceTree = "<group>";
		};
		CED9EB082B6E4BBB0065FE23 /* LaunchScreen.storyboard */ = {
			isa = PBXVariantGroup;
			children = (
				CED9EB092B6E4BBB0065FE23 /* Base */,
			);
			name = LaunchScreen.storyboard;
			sourceTree = "<group>";
		};
/* End PBXVariantGroup section */

/* Begin XCBuildConfiguration section */
		CED9EB0C2B6E4BBB0065FE23 /* Debug */ = {
			isa = XCBuildConfiguration;
			buildSettings = {
				ALWAYS_SEARCH_USER_PATHS = NO;
				CLANG_ANALYZER_NONNULL = YES;
				CLANG_ANALYZER_NUMBER_OBJECT_CONVERSION = YES_AGGRESSIVE;
				CLANG_CXX_LANGUAGE_STANDARD = "gnu++14";
				CLANG_CXX_LIBRARY = "libc++";
				CLANG_ENABLE_MODULES = YES;
				CLANG_ENABLE_OBJC_ARC = YES;
				CLANG_ENABLE_OBJC_WEAK = YES;
				CLANG_WARN_BLOCK_CAPTURE_AUTORELEASING = YES;
				CLANG_WARN_BOOL_CONVERSION = YES;
				CLANG_WARN_COMMA = YES;
				CLANG_WARN_CONSTANT_CONVERSION = YES;
				CLANG_WARN_DEPRECATED_OBJC_IMPLEMENTATIONS = YES;
				CLANG_WARN_DIRECT_OBJC_ISA_USAGE = YES_ERROR;
				CLANG_WARN_DOCUMENTATION_COMMENTS = YES;
				CLANG_WARN_EMPTY_BODY = YES;
				CLANG_WARN_ENUM_CONVERSION = YES;
				CLANG_WARN_INFINITE_RECURSION = YES;
				CLANG_WARN_INT_CONVERSION = YES;
				CLANG_WARN_NON_LITERAL_NULL_CONVERSION = YES;
				CLANG_WARN_OBJC_IMPLICIT_RETAIN_SELF = YES;
				CLANG_WARN_OBJC_LITERAL_CONVERSION = YES;
				CLANG_WARN_OBJC_ROOT_CLASS = YES_ERROR;
				CLANG_WARN_QUOTED_INCLUDE_IN_FRAMEWORK_HEADER = YES;
				CLANG_WARN_RANGE_LOOP_ANALYSIS = YES;
				CLANG_WARN_STRICT_PROTOTYPES = YES;
				CLANG_WARN_SUSPICIOUS_MOVE = YES;
				CLANG_WARN_UNGUARDED_AVAILABILITY = YES_AGGRESSIVE;
				CLANG_WARN_UNREACHABLE_CODE = YES;
				CLANG_WARN__DUPLICATE_METHOD_MATCH = YES;
				COPY_PHASE_STRIP = NO;
				DEBUG_INFORMATION_FORMAT = dwarf;
				ENABLE_STRICT_OBJC_MSGSEND = YES;
				ENABLE_TESTABILITY = YES;
				GCC_C_LANGUAGE_STANDARD = gnu11;
				GCC_DYNAMIC_NO_PIC = NO;
				GCC_NO_COMMON_BLOCKS = YES;
				GCC_OPTIMIZATION_LEVEL = 0;
				GCC_PREPROCESSOR_DEFINITIONS = (
					"DEBUG=1",
					"$(inherited)",
				);
				GCC_WARN_64_TO_32_BIT_CONVERSION = YES;
				GCC_WARN_ABOUT_RETURN_TYPE = YES_ERROR;
				GCC_WARN_UNDECLARED_SELECTOR = YES;
				GCC_WARN_UNINITIALIZED_AUTOS = YES_AGGRESSIVE;
				GCC_WARN_UNUSED_FUNCTION = YES;
				GCC_WARN_UNUSED_VARIABLE = YES;
				IPHONEOS_DEPLOYMENT_TARGET = 14.5;
				MTL_ENABLE_DEBUG_INFO = INCLUDE_SOURCE;
				MTL_FAST_MATH = YES;
				ONLY_ACTIVE_ARCH = YES;
				SDKROOT = iphoneos;
				SWIFT_ACTIVE_COMPILATION_CONDITIONS = DEBUG;
				SWIFT_OPTIMIZATION_LEVEL = "-Onone";
			};
			name = Debug;
		};
		CED9EB0D2B6E4BBB0065FE23 /* Release */ = {
			isa = XCBuildConfiguration;
			buildSettings = {
				ALWAYS_SEARCH_USER_PATHS = NO;
				CLANG_ANALYZER_NONNULL = YES;
				CLANG_ANALYZER_NUMBER_OBJECT_CONVERSION = YES_AGGRESSIVE;
				CLANG_CXX_LANGUAGE_STANDARD = "gnu++14";
				CLANG_CXX_LIBRARY = "libc++";
				CLANG_ENABLE_MODULES = YES;
				CLANG_ENABLE_OBJC_ARC = YES;
				CLANG_ENABLE_OBJC_WEAK = YES;
				CLANG_WARN_BLOCK_CAPTURE_AUTORELEASING = YES;
				CLANG_WARN_BOOL_CONVERSION = YES;
				CLANG_WARN_COMMA = YES;
				CLANG_WARN_CONSTANT_CONVERSION = YES;
				CLANG_WARN_DEPRECATED_OBJC_IMPLEMENTATIONS = YES;
				CLANG_WARN_DIRECT_OBJC_ISA_USAGE = YES_ERROR;
				CLANG_WARN_DOCUMENTATION_COMMENTS = YES;
				CLANG_WARN_EMPTY_BODY = YES;
				CLANG_WARN_ENUM_CONVERSION = YES;
				CLANG_WARN_INFINITE_RECURSION = YES;
				CLANG_WARN_INT_CONVERSION = YES;
				CLANG_WARN_NON_LITERAL_NULL_CONVERSION = YES;
				CLANG_WARN_OBJC_IMPLICIT_RETAIN_SELF = YES;
				CLANG_WARN_OBJC_LITERAL_CONVERSION = YES;
				CLANG_WARN_OBJC_ROOT_CLASS = YES_ERROR;
				CLANG_WARN_QUOTED_INCLUDE_IN_FRAMEWORK_HEADER = YES;
				CLANG_WARN_RANGE_LOOP_ANALYSIS = YES;
				CLANG_WARN_STRICT_PROTOTYPES = YES;
				CLANG_WARN_SUSPICIOUS_MOVE = YES;
				CLANG_WARN_UNGUARDED_AVAILABILITY = YES_AGGRESSIVE;
				CLANG_WARN_UNREACHABLE_CODE = YES;
				CLANG_WARN__DUPLICATE_METHOD_MATCH = YES;
				COPY_PHASE_STRIP = NO;
				DEBUG_INFORMATION_FORMAT = "dwarf-with-dsym";
				ENABLE_NS_ASSERTIONS = NO;
				ENABLE_STRICT_OBJC_MSGSEND = YES;
				GCC_C_LANGUAGE_STANDARD = gnu11;
				GCC_NO_COMMON_BLOCKS = YES;
				GCC_WARN_64_TO_32_BIT_CONVERSION = YES;
				GCC_WARN_ABOUT_RETURN_TYPE = YES_ERROR;
				GCC_WARN_UNDECLARED_SELECTOR = YES;
				GCC_WARN_UNINITIALIZED_AUTOS = YES_AGGRESSIVE;
				GCC_WARN_UNUSED_FUNCTION = YES;
				GCC_WARN_UNUSED_VARIABLE = YES;
				IPHONEOS_DEPLOYMENT_TARGET = 14.5;
				MTL_ENABLE_DEBUG_INFO = NO;
				MTL_FAST_MATH = YES;
				SDKROOT = iphoneos;
				SWIFT_COMPILATION_MODE = wholemodule;
				SWIFT_OPTIMIZATION_LEVEL = "-O";
				VALIDATE_PRODUCT = YES;
			};
			name = Release;
		};
		CED9EB0F2B6E4BBB0065FE23 /* Debug */ = {
			isa = XCBuildConfiguration;
			buildSettings = {
				ASSETCATALOG_COMPILER_APPICON_NAME = AppIcon;
				ASSETCATALOG_COMPILER_GLOBAL_ACCENT_COLOR_NAME = AccentColor;
				CODE_SIGN_STYLE = Automatic;
				INFOPLIST_FILE = "WorkoutApp(pet)/Info.plist";
				LD_RUNPATH_SEARCH_PATHS = (
					"$(inherited)",
					"@executable_path/Frameworks",
				);
				PRODUCT_BUNDLE_IDENTIFIER = "Ru.WorkoutApp-pet-";
				PRODUCT_NAME = "$(TARGET_NAME)";
				SWIFT_VERSION = 5.0;
				TARGETED_DEVICE_FAMILY = "1,2";
			};
			name = Debug;
		};
		CED9EB102B6E4BBB0065FE23 /* Release */ = {
			isa = XCBuildConfiguration;
			buildSettings = {
				ASSETCATALOG_COMPILER_APPICON_NAME = AppIcon;
				ASSETCATALOG_COMPILER_GLOBAL_ACCENT_COLOR_NAME = AccentColor;
				CODE_SIGN_STYLE = Automatic;
				INFOPLIST_FILE = "WorkoutApp(pet)/Info.plist";
				LD_RUNPATH_SEARCH_PATHS = (
					"$(inherited)",
					"@executable_path/Frameworks",
				);
				PRODUCT_BUNDLE_IDENTIFIER = "Ru.WorkoutApp-pet-";
				PRODUCT_NAME = "$(TARGET_NAME)";
				SWIFT_VERSION = 5.0;
				TARGETED_DEVICE_FAMILY = "1,2";
			};
			name = Release;
		};
/* End XCBuildConfiguration section */

/* Begin XCConfigurationList section */
		CED9EAF52B6E4BB80065FE23 /* Build configuration list for PBXProject "WorkoutApp(pet)" */ = {
			isa = XCConfigurationList;
			buildConfigurations = (
				CED9EB0C2B6E4BBB0065FE23 /* Debug */,
				CED9EB0D2B6E4BBB0065FE23 /* Release */,
			);
			defaultConfigurationIsVisible = 0;
			defaultConfigurationName = Release;
		};
		CED9EB0E2B6E4BBB0065FE23 /* Build configuration list for PBXNativeTarget "WorkoutApp(pet)" */ = {
			isa = XCConfigurationList;
			buildConfigurations = (
				CED9EB0F2B6E4BBB0065FE23 /* Debug */,
				CED9EB102B6E4BBB0065FE23 /* Release */,
			);
			defaultConfigurationIsVisible = 0;
			defaultConfigurationName = Release;
		};
/* End XCConfigurationList section */
	};
	rootObject = CED9EAF22B6E4BB80065FE23 /* Project object */;
}
