// !$*UTF8*$!
{
	archiveVersion = 1;
	classes = {
	};
	objectVersion = 54;
	objects = {

/* Begin PBXBuildFile section */
		8A011DA72C20AC0A0079D36D /* GoogleService-Info.plist in Resources */ = {isa = PBXBuildFile; fileRef = 8A011DA62C20AC0A0079D36D /* GoogleService-Info.plist */; };
		8A3A723A2C370A330066A743 /* NotesHeader.swift in Sources */ = {isa = PBXBuildFile; fileRef = 8A3A72392C370A330066A743 /* NotesHeader.swift */; };
		8A3A723D2C3716E30066A743 /* FirebaseAppCheck in Frameworks */ = {isa = PBXBuildFile; productRef = 8A3A723C2C3716E30066A743 /* FirebaseAppCheck */; };
		8A3A723F2C3716E30066A743 /* FirebaseAuth in Frameworks */ = {isa = PBXBuildFile; productRef = 8A3A723E2C3716E30066A743 /* FirebaseAuth */; };
		8A3A72412C3716E30066A743 /* FirebaseDatabase in Frameworks */ = {isa = PBXBuildFile; productRef = 8A3A72402C3716E30066A743 /* FirebaseDatabase */; };
		8A3A72432C3716E30066A743 /* FirebaseFirestore in Frameworks */ = {isa = PBXBuildFile; productRef = 8A3A72422C3716E30066A743 /* FirebaseFirestore */; };
		8A3A72452C3716E30066A743 /* FirebaseFirestoreSwift in Frameworks */ = {isa = PBXBuildFile; productRef = 8A3A72442C3716E30066A743 /* FirebaseFirestoreSwift */; };
		8A3A72472C3716E30066A743 /* FirebaseStorage in Frameworks */ = {isa = PBXBuildFile; productRef = 8A3A72462C3716E30066A743 /* FirebaseStorage */; };
		8A67553F2C2B5D48001D187B /* Localizable.strings in Resources */ = {isa = PBXBuildFile; fileRef = 8A67553D2C2B5D48001D187B /* Localizable.strings */; };
		8A6755422C2CBDE5001D187B /* CustomNavBarButton.swift in Sources */ = {isa = PBXBuildFile; fileRef = 8A6755412C2CBDE5001D187B /* CustomNavBarButton.swift */; };
		8AEEDDCD2C1CEF310055E216 /* UIViewController.swift in Sources */ = {isa = PBXBuildFile; fileRef = 8AEEDDCC2C1CEF310055E216 /* UIViewController.swift */; };
		CE00CCDA2B922DAB001E1E8B /* ExerciseNameLabel.swift in Sources */ = {isa = PBXBuildFile; fileRef = CE00CCD92B922DAB001E1E8B /* ExerciseNameLabel.swift */; };
		CE00CCDC2B922DB7001E1E8B /* ExerciseTypeLabel.swift in Sources */ = {isa = PBXBuildFile; fileRef = CE00CCDB2B922DB7001E1E8B /* ExerciseTypeLabel.swift */; };
		CE00CCDE2B922DC8001E1E8B /* EquipmentLabel.swift in Sources */ = {isa = PBXBuildFile; fileRef = CE00CCDD2B922DC8001E1E8B /* EquipmentLabel.swift */; };
		CE00CCE02B922DDA001E1E8B /* DifficultyLabel.swift in Sources */ = {isa = PBXBuildFile; fileRef = CE00CCDF2B922DDA001E1E8B /* DifficultyLabel.swift */; };
		CE00CCE22B922DE6001E1E8B /* InstructionsLabel.swift in Sources */ = {isa = PBXBuildFile; fileRef = CE00CCE12B922DE6001E1E8B /* InstructionsLabel.swift */; };
		CE00CCE42B9232C1001E1E8B /* ExerciseInfoViewModel.swift in Sources */ = {isa = PBXBuildFile; fileRef = CE00CCE32B9232C1001E1E8B /* ExerciseInfoViewModel.swift */; };
		CE00CCE62B923763001E1E8B /* MuscleLabel.swift in Sources */ = {isa = PBXBuildFile; fileRef = CE00CCE52B923763001E1E8B /* MuscleLabel.swift */; };
		CE00CCEF2B98CE07001E1E8B /* TrainNoteCell.swift in Sources */ = {isa = PBXBuildFile; fileRef = CE00CCEE2B98CE07001E1E8B /* TrainNoteCell.swift */; };
		CE00CCF62B9AF78A001E1E8B /* TrainNotesInfoViewController.swift in Sources */ = {isa = PBXBuildFile; fileRef = CE00CCF52B9AF78A001E1E8B /* TrainNotesInfoViewController.swift */; };
		CE0CC2E92BF37C7300501CD9 /* FetchPhotoHelper.swift in Sources */ = {isa = PBXBuildFile; fileRef = CE0CC2E82BF37C7300501CD9 /* FetchPhotoHelper.swift */; };
		CE1A8BBF2B822F2D00ACB21C /* HandbookExercise.swift in Sources */ = {isa = PBXBuildFile; fileRef = CE1A8BBE2B822F2D00ACB21C /* HandbookExercise.swift */; };
		CE1A8BC32B8256C000ACB21C /* NetworkService.swift in Sources */ = {isa = PBXBuildFile; fileRef = CE1A8BC22B8256C000ACB21C /* NetworkService.swift */; };
		CE1A8BC52B82644D00ACB21C /* HandbookViewModel.swift in Sources */ = {isa = PBXBuildFile; fileRef = CE1A8BC42B82644D00ACB21C /* HandbookViewModel.swift */; };
		CE1A8BC72B826BC800ACB21C /* HandbookCell.swift in Sources */ = {isa = PBXBuildFile; fileRef = CE1A8BC62B826BC800ACB21C /* HandbookCell.swift */; };
		CE1A8BD02B87DC7700ACB21C /* ProfilePhotoView.swift in Sources */ = {isa = PBXBuildFile; fileRef = CE1A8BCF2B87DC7700ACB21C /* ProfilePhotoView.swift */; };
		CE1A8BD22B87E60200ACB21C /* PhotoLabel.swift in Sources */ = {isa = PBXBuildFile; fileRef = CE1A8BD12B87E60200ACB21C /* PhotoLabel.swift */; };
		CE1A8BD52B87E62500ACB21C /* NameLabel.swift in Sources */ = {isa = PBXBuildFile; fileRef = CE1A8BD42B87E62500ACB21C /* NameLabel.swift */; };
		CE1A8BD72B87E63000ACB21C /* GenderLabel.swift in Sources */ = {isa = PBXBuildFile; fileRef = CE1A8BD62B87E63000ACB21C /* GenderLabel.swift */; };
		CE1A8BD92B87E63800ACB21C /* AgeLabel.swift in Sources */ = {isa = PBXBuildFile; fileRef = CE1A8BD82B87E63800ACB21C /* AgeLabel.swift */; };
		CE1A8BDB2B87E64500ACB21C /* WeightLabel.swift in Sources */ = {isa = PBXBuildFile; fileRef = CE1A8BDA2B87E64500ACB21C /* WeightLabel.swift */; };
		CE1A8BDD2B87E64E00ACB21C /* HeightLabel.swift in Sources */ = {isa = PBXBuildFile; fileRef = CE1A8BDC2B87E64E00ACB21C /* HeightLabel.swift */; };
		CE1A8BDF2B87E65C00ACB21C /* BMILabel.swift in Sources */ = {isa = PBXBuildFile; fileRef = CE1A8BDE2B87E65C00ACB21C /* BMILabel.swift */; };
		CE1A8BE12B87E67900ACB21C /* BMIDescriptionLabel.swift in Sources */ = {isa = PBXBuildFile; fileRef = CE1A8BE02B87E67900ACB21C /* BMIDescriptionLabel.swift */; };
		CE3C12FF2BB32086003F3561 /* CustomTextField.swift in Sources */ = {isa = PBXBuildFile; fileRef = CE3C12FE2BB32086003F3561 /* CustomTextField.swift */; };
		CE3C13032BB5D606003F3561 /* ActivityIndicator.swift in Sources */ = {isa = PBXBuildFile; fileRef = CE3C13022BB5D606003F3561 /* ActivityIndicator.swift */; };
		CE3C13052BB9724C003F3561 /* Note.swift in Sources */ = {isa = PBXBuildFile; fileRef = CE3C13042BB9724C003F3561 /* Note.swift */; };
		CE3C13072BBB25D4003F3561 /* AddNoteButton.swift in Sources */ = {isa = PBXBuildFile; fileRef = CE3C13062BBB25D4003F3561 /* AddNoteButton.swift */; };
		CE3C13362BBD515C003F3561 /* AddNoteViewController.swift in Sources */ = {isa = PBXBuildFile; fileRef = CE3C13352BBD515C003F3561 /* AddNoteViewController.swift */; };
		CE40637E2BF232D40088C135 /* ValidateField.swift in Sources */ = {isa = PBXBuildFile; fileRef = CE40637D2BF232D40088C135 /* ValidateField.swift */; };
		CE4063812BF23EEA0088C135 /* AlertController.swift in Sources */ = {isa = PBXBuildFile; fileRef = CE4063802BF23EEA0088C135 /* AlertController.swift */; };
		CE4063862BF2A3F60088C135 /* ImageScaler.swift in Sources */ = {isa = PBXBuildFile; fileRef = CE4063852BF2A3F60088C135 /* ImageScaler.swift */; };
		CE486C6A2BD7BE91006B5E3D /* NotesViewModel.swift in Sources */ = {isa = PBXBuildFile; fileRef = CE486C692BD7BE91006B5E3D /* NotesViewModel.swift */; };
		CE5CD44A2BC83B0B0065991D /* RegistrationViewModel.swift in Sources */ = {isa = PBXBuildFile; fileRef = CE5CD4492BC83B0B0065991D /* RegistrationViewModel.swift */; };
		CE5CD44C2BC83C320065991D /* User.swift in Sources */ = {isa = PBXBuildFile; fileRef = CE5CD44B2BC83C320065991D /* User.swift */; };
		CE5CD4512BC843170065991D /* AuthorizationViewModel.swift in Sources */ = {isa = PBXBuildFile; fileRef = CE5CD4502BC843170065991D /* AuthorizationViewModel.swift */; };
		CE5CD4532BC86EAC0065991D /* TextFieldResources.swift in Sources */ = {isa = PBXBuildFile; fileRef = CE5CD4522BC86EAC0065991D /* TextFieldResources.swift */; };
		CE5CD4552BC86EB90065991D /* StringResources.swift in Sources */ = {isa = PBXBuildFile; fileRef = CE5CD4542BC86EB90065991D /* StringResources.swift */; };
		CE5CD4572BC86EC90065991D /* ColorResources.swift in Sources */ = {isa = PBXBuildFile; fileRef = CE5CD4562BC86EC90065991D /* ColorResources.swift */; };
		CE5CD4592BC86EE70065991D /* ImageResources.swift in Sources */ = {isa = PBXBuildFile; fileRef = CE5CD4582BC86EE70065991D /* ImageResources.swift */; };
		CE5CD45B2BC86EF40065991D /* FontResources.swift in Sources */ = {isa = PBXBuildFile; fileRef = CE5CD45A2BC86EF40065991D /* FontResources.swift */; };
		CE5CD45D2BC873910065991D /* TabBarResources.swift in Sources */ = {isa = PBXBuildFile; fileRef = CE5CD45C2BC873910065991D /* TabBarResources.swift */; };
		CE7294062BE7E043009C867F /* ProfileScreenViewModel.swift in Sources */ = {isa = PBXBuildFile; fileRef = CE7294052BE7E043009C867F /* ProfileScreenViewModel.swift */; };
		CE72940A2BE91BBD009C867F /* EditProfileViewModel.swift in Sources */ = {isa = PBXBuildFile; fileRef = CE7294092BE91BBD009C867F /* EditProfileViewModel.swift */; };
		CE8214982BCDAADC001D32AB /* UITextField.swift in Sources */ = {isa = PBXBuildFile; fileRef = CE8214972BCDAADC001D32AB /* UITextField.swift */; };
		CE8D50E42B8894F300A14719 /* EditProfileViewController.swift in Sources */ = {isa = PBXBuildFile; fileRef = CE8D50E32B8894F300A14719 /* EditProfileViewController.swift */; };
		CE8D50E72B88985900A14719 /* EditProfileScreenRouter.swift in Sources */ = {isa = PBXBuildFile; fileRef = CE8D50E62B88985900A14719 /* EditProfileScreenRouter.swift */; };
		CE8D50E92B88986800A14719 /* EditProfileScreenAssembler.swift in Sources */ = {isa = PBXBuildFile; fileRef = CE8D50E82B88986800A14719 /* EditProfileScreenAssembler.swift */; };
		CE8D50EF2B88E53400A14719 /* AgeTextField.swift in Sources */ = {isa = PBXBuildFile; fileRef = CE8D50EE2B88E53400A14719 /* AgeTextField.swift */; };
		CE8D50F12B88E9EF00A14719 /* WeightTextField.swift in Sources */ = {isa = PBXBuildFile; fileRef = CE8D50F02B88E9EF00A14719 /* WeightTextField.swift */; };
		CE8D50F32B88EA7400A14719 /* HeightTextField.swift in Sources */ = {isa = PBXBuildFile; fileRef = CE8D50F22B88EA7400A14719 /* HeightTextField.swift */; };
		CE8D50F52B8A35BB00A14719 /* GenderSegmentController.swift in Sources */ = {isa = PBXBuildFile; fileRef = CE8D50F42B8A35BB00A14719 /* GenderSegmentController.swift */; };
		CE8D50F72B8A40BD00A14719 /* SelectPhotoButton.swift in Sources */ = {isa = PBXBuildFile; fileRef = CE8D50F62B8A40BD00A14719 /* SelectPhotoButton.swift */; };
		CEAA4EC82B8D09C70004F369 /* ExerciseInfoController.swift in Sources */ = {isa = PBXBuildFile; fileRef = CEAA4EC72B8D09C70004F369 /* ExerciseInfoController.swift */; };
		CEAC7E032B81F2FE00AF05CD /* ProfileScreenViewController.swift in Sources */ = {isa = PBXBuildFile; fileRef = CEAC7E022B81F2FE00AF05CD /* ProfileScreenViewController.swift */; };
		CEAC7E0F2B81F41600AF05CD /* Router.swift in Sources */ = {isa = PBXBuildFile; fileRef = CEAC7E0E2B81F41600AF05CD /* Router.swift */; };
		CED9EAFE2B6E4BB80065FE23 /* AppDelegate.swift in Sources */ = {isa = PBXBuildFile; fileRef = CED9EAFD2B6E4BB80065FE23 /* AppDelegate.swift */; };
		CED9EB002B6E4BB80065FE23 /* SceneDelegate.swift in Sources */ = {isa = PBXBuildFile; fileRef = CED9EAFF2B6E4BB80065FE23 /* SceneDelegate.swift */; };
		CED9EB022B6E4BB80065FE23 /* WelcomeViewController.swift in Sources */ = {isa = PBXBuildFile; fileRef = CED9EB012B6E4BB80065FE23 /* WelcomeViewController.swift */; };
		CED9EB072B6E4BBB0065FE23 /* Assets.xcassets in Resources */ = {isa = PBXBuildFile; fileRef = CED9EB062B6E4BBB0065FE23 /* Assets.xcassets */; };
		CED9EB0A2B6E4BBB0065FE23 /* LaunchScreen.storyboard in Resources */ = {isa = PBXBuildFile; fileRef = CED9EB082B6E4BBB0065FE23 /* LaunchScreen.storyboard */; };
		CED9EB172B6E4D240065FE23 /* UIColor.swift in Sources */ = {isa = PBXBuildFile; fileRef = CED9EB162B6E4D240065FE23 /* UIColor.swift */; };
		CED9EB1F2B6E4E1A0065FE23 /* SignUpButton.swift in Sources */ = {isa = PBXBuildFile; fileRef = CED9EB1E2B6E4E1A0065FE23 /* SignUpButton.swift */; };
		CED9EB222B6E4E680065FE23 /* RegistrationViewController.swift in Sources */ = {isa = PBXBuildFile; fileRef = CED9EB212B6E4E680065FE23 /* RegistrationViewController.swift */; };
		CED9EB252B6E70430065FE23 /* SignInButton.swift in Sources */ = {isa = PBXBuildFile; fileRef = CED9EB242B6E70430065FE23 /* SignInButton.swift */; };
		CED9EB292B6E796E0065FE23 /* MainLogo.swift in Sources */ = {isa = PBXBuildFile; fileRef = CED9EB282B6E796E0065FE23 /* MainLogo.swift */; };
		CED9EB2B2B6E7AE10065FE23 /* SignInLabel.swift in Sources */ = {isa = PBXBuildFile; fileRef = CED9EB2A2B6E7AE10065FE23 /* SignInLabel.swift */; };
		CED9EB332B6E8B6E0065FE23 /* RegistrationLabel.swift in Sources */ = {isa = PBXBuildFile; fileRef = CED9EB322B6E8B6E0065FE23 /* RegistrationLabel.swift */; };
		CED9EB402B7011970065FE23 /* AuthorisationViewController.swift in Sources */ = {isa = PBXBuildFile; fileRef = CED9EB3F2B7011970065FE23 /* AuthorisationViewController.swift */; };
		CED9EB442B7015AF0065FE23 /* LogInEmailTextField.swift in Sources */ = {isa = PBXBuildFile; fileRef = CED9EB432B7015AF0065FE23 /* LogInEmailTextField.swift */; };
		CED9EB472B71130C0065FE23 /* LogInPasswordTextField.swift in Sources */ = {isa = PBXBuildFile; fileRef = CED9EB462B71130C0065FE23 /* LogInPasswordTextField.swift */; };
		CED9EB492B7146760065FE23 /* UIView.swift in Sources */ = {isa = PBXBuildFile; fileRef = CED9EB482B7146760065FE23 /* UIView.swift */; };
		CED9EB4D2B715A1A0065FE23 /* HandbookScreenViewController.swift in Sources */ = {isa = PBXBuildFile; fileRef = CED9EB4C2B715A1A0065FE23 /* HandbookScreenViewController.swift */; };
		CED9EB552B715DCA0065FE23 /* AuthSignInButton.swift in Sources */ = {isa = PBXBuildFile; fileRef = CED9EB542B715DCA0065FE23 /* AuthSignInButton.swift */; };
		CED9EB632B7258DD0065FE23 /* TabController.swift in Sources */ = {isa = PBXBuildFile; fileRef = CED9EB622B7258DD0065FE23 /* TabController.swift */; };
		CED9EB6A2B7259BB0065FE23 /* NotesScreenViewController.swift in Sources */ = {isa = PBXBuildFile; fileRef = CED9EB692B7259BB0065FE23 /* NotesScreenViewController.swift */; };
		CEDC921A2BD14B2800902268 /* ResetPasswordViewController.swift in Sources */ = {isa = PBXBuildFile; fileRef = CEDC92192BD14B2800902268 /* ResetPasswordViewController.swift */; };
		CEDC921C2BD14B3400902268 /* ResetPasswordViewModel.swift in Sources */ = {isa = PBXBuildFile; fileRef = CEDC921B2BD14B3400902268 /* ResetPasswordViewModel.swift */; };
		CEDC921E2BD14B5B00902268 /* ResetPasswordRouter.swift in Sources */ = {isa = PBXBuildFile; fileRef = CEDC921D2BD14B5B00902268 /* ResetPasswordRouter.swift */; };
		CEDC92202BD14B6B00902268 /* ResetPasswordAssembler.swift in Sources */ = {isa = PBXBuildFile; fileRef = CEDC921F2BD14B6B00902268 /* ResetPasswordAssembler.swift */; };
		CEDC92222BD14F6C00902268 /* ResetEmailTextField.swift in Sources */ = {isa = PBXBuildFile; fileRef = CEDC92212BD14F6C00902268 /* ResetEmailTextField.swift */; };
		CEDC92242BD14FA400902268 /* ResetLabel.swift in Sources */ = {isa = PBXBuildFile; fileRef = CEDC92232BD14FA400902268 /* ResetLabel.swift */; };
		CEDC92262BD14FB400902268 /* ResetPasswordButton.swift in Sources */ = {isa = PBXBuildFile; fileRef = CEDC92252BD14FB400902268 /* ResetPasswordButton.swift */; };
		CEDC92282BD1697900902268 /* AuthResetPasswordButton.swift in Sources */ = {isa = PBXBuildFile; fileRef = CEDC92272BD1697900902268 /* AuthResetPasswordButton.swift */; };
		CEF2AB522BBD769100205B60 /* Assembler.swift in Sources */ = {isa = PBXBuildFile; fileRef = CEF2AB512BBD769100205B60 /* Assembler.swift */; };
		CEF2AB552BBDA8D300205B60 /* AddNoteCustomTextField.swift in Sources */ = {isa = PBXBuildFile; fileRef = CEF2AB542BBDA8D300205B60 /* AddNoteCustomTextField.swift */; };
		CEF2AB592BBED36200205B60 /* AddExerciseButton.swift in Sources */ = {isa = PBXBuildFile; fileRef = CEF2AB582BBED36200205B60 /* AddExerciseButton.swift */; };
/* End PBXBuildFile section */

/* Begin PBXFileReference section */
		8A011DA62C20AC0A0079D36D /* GoogleService-Info.plist */ = {isa = PBXFileReference; fileEncoding = 4; lastKnownFileType = text.plist.xml; path = "GoogleService-Info.plist"; sourceTree = "<group>"; };
		8A3A72392C370A330066A743 /* NotesHeader.swift */ = {isa = PBXFileReference; lastKnownFileType = sourcecode.swift; path = NotesHeader.swift; sourceTree = "<group>"; };
		8A67553E2C2B5D48001D187B /* en */ = {isa = PBXFileReference; lastKnownFileType = text.plist.strings; name = en; path = en.lproj/Localizable.strings; sourceTree = "<group>"; };
		8A6755402C2B5D63001D187B /* ru */ = {isa = PBXFileReference; lastKnownFileType = text.plist.strings; name = ru; path = ru.lproj/Localizable.strings; sourceTree = "<group>"; };
		8A6755412C2CBDE5001D187B /* CustomNavBarButton.swift */ = {isa = PBXFileReference; lastKnownFileType = sourcecode.swift; path = CustomNavBarButton.swift; sourceTree = "<group>"; };
		8AEEDDCC2C1CEF310055E216 /* UIViewController.swift */ = {isa = PBXFileReference; lastKnownFileType = sourcecode.swift; path = UIViewController.swift; sourceTree = "<group>"; };
		CE00CCD92B922DAB001E1E8B /* ExerciseNameLabel.swift */ = {isa = PBXFileReference; lastKnownFileType = sourcecode.swift; path = ExerciseNameLabel.swift; sourceTree = "<group>"; };
		CE00CCDB2B922DB7001E1E8B /* ExerciseTypeLabel.swift */ = {isa = PBXFileReference; lastKnownFileType = sourcecode.swift; path = ExerciseTypeLabel.swift; sourceTree = "<group>"; };
		CE00CCDD2B922DC8001E1E8B /* EquipmentLabel.swift */ = {isa = PBXFileReference; lastKnownFileType = sourcecode.swift; path = EquipmentLabel.swift; sourceTree = "<group>"; };
		CE00CCDF2B922DDA001E1E8B /* DifficultyLabel.swift */ = {isa = PBXFileReference; lastKnownFileType = sourcecode.swift; path = DifficultyLabel.swift; sourceTree = "<group>"; };
		CE00CCE12B922DE6001E1E8B /* InstructionsLabel.swift */ = {isa = PBXFileReference; lastKnownFileType = sourcecode.swift; path = InstructionsLabel.swift; sourceTree = "<group>"; };
		CE00CCE32B9232C1001E1E8B /* ExerciseInfoViewModel.swift */ = {isa = PBXFileReference; lastKnownFileType = sourcecode.swift; path = ExerciseInfoViewModel.swift; sourceTree = "<group>"; };
		CE00CCE52B923763001E1E8B /* MuscleLabel.swift */ = {isa = PBXFileReference; lastKnownFileType = sourcecode.swift; path = MuscleLabel.swift; sourceTree = "<group>"; };
		CE00CCEE2B98CE07001E1E8B /* TrainNoteCell.swift */ = {isa = PBXFileReference; lastKnownFileType = sourcecode.swift; path = TrainNoteCell.swift; sourceTree = "<group>"; };
		CE00CCF52B9AF78A001E1E8B /* TrainNotesInfoViewController.swift */ = {isa = PBXFileReference; lastKnownFileType = sourcecode.swift; path = TrainNotesInfoViewController.swift; sourceTree = "<group>"; };
		CE0CC2E82BF37C7300501CD9 /* FetchPhotoHelper.swift */ = {isa = PBXFileReference; lastKnownFileType = sourcecode.swift; path = FetchPhotoHelper.swift; sourceTree = "<group>"; };
		CE1A8BBE2B822F2D00ACB21C /* HandbookExercise.swift */ = {isa = PBXFileReference; lastKnownFileType = sourcecode.swift; path = HandbookExercise.swift; sourceTree = "<group>"; };
		CE1A8BC22B8256C000ACB21C /* NetworkService.swift */ = {isa = PBXFileReference; lastKnownFileType = sourcecode.swift; path = NetworkService.swift; sourceTree = "<group>"; };
		CE1A8BC42B82644D00ACB21C /* HandbookViewModel.swift */ = {isa = PBXFileReference; lastKnownFileType = sourcecode.swift; path = HandbookViewModel.swift; sourceTree = "<group>"; };
		CE1A8BC62B826BC800ACB21C /* HandbookCell.swift */ = {isa = PBXFileReference; lastKnownFileType = sourcecode.swift; path = HandbookCell.swift; sourceTree = "<group>"; };
		CE1A8BCF2B87DC7700ACB21C /* ProfilePhotoView.swift */ = {isa = PBXFileReference; lastKnownFileType = sourcecode.swift; path = ProfilePhotoView.swift; sourceTree = "<group>"; };
		CE1A8BD12B87E60200ACB21C /* PhotoLabel.swift */ = {isa = PBXFileReference; lastKnownFileType = sourcecode.swift; path = PhotoLabel.swift; sourceTree = "<group>"; };
		CE1A8BD42B87E62500ACB21C /* NameLabel.swift */ = {isa = PBXFileReference; lastKnownFileType = sourcecode.swift; path = NameLabel.swift; sourceTree = "<group>"; };
		CE1A8BD62B87E63000ACB21C /* GenderLabel.swift */ = {isa = PBXFileReference; lastKnownFileType = sourcecode.swift; path = GenderLabel.swift; sourceTree = "<group>"; };
		CE1A8BD82B87E63800ACB21C /* AgeLabel.swift */ = {isa = PBXFileReference; lastKnownFileType = sourcecode.swift; path = AgeLabel.swift; sourceTree = "<group>"; };
		CE1A8BDA2B87E64500ACB21C /* WeightLabel.swift */ = {isa = PBXFileReference; lastKnownFileType = sourcecode.swift; path = WeightLabel.swift; sourceTree = "<group>"; };
		CE1A8BDC2B87E64E00ACB21C /* HeightLabel.swift */ = {isa = PBXFileReference; lastKnownFileType = sourcecode.swift; path = HeightLabel.swift; sourceTree = "<group>"; };
		CE1A8BDE2B87E65C00ACB21C /* BMILabel.swift */ = {isa = PBXFileReference; lastKnownFileType = sourcecode.swift; path = BMILabel.swift; sourceTree = "<group>"; };
		CE1A8BE02B87E67900ACB21C /* BMIDescriptionLabel.swift */ = {isa = PBXFileReference; lastKnownFileType = sourcecode.swift; path = BMIDescriptionLabel.swift; sourceTree = "<group>"; };
		CE3C12FE2BB32086003F3561 /* CustomTextField.swift */ = {isa = PBXFileReference; lastKnownFileType = sourcecode.swift; path = CustomTextField.swift; sourceTree = "<group>"; };
		CE3C13022BB5D606003F3561 /* ActivityIndicator.swift */ = {isa = PBXFileReference; lastKnownFileType = sourcecode.swift; path = ActivityIndicator.swift; sourceTree = "<group>"; };
		CE3C13042BB9724C003F3561 /* Note.swift */ = {isa = PBXFileReference; lastKnownFileType = sourcecode.swift; path = Note.swift; sourceTree = "<group>"; };
		CE3C13062BBB25D4003F3561 /* AddNoteButton.swift */ = {isa = PBXFileReference; lastKnownFileType = sourcecode.swift; path = AddNoteButton.swift; sourceTree = "<group>"; };
		CE3C13352BBD515C003F3561 /* AddNoteViewController.swift */ = {isa = PBXFileReference; lastKnownFileType = sourcecode.swift; path = AddNoteViewController.swift; sourceTree = "<group>"; };
		CE40637D2BF232D40088C135 /* ValidateField.swift */ = {isa = PBXFileReference; lastKnownFileType = sourcecode.swift; path = ValidateField.swift; sourceTree = "<group>"; };
		CE4063802BF23EEA0088C135 /* AlertController.swift */ = {isa = PBXFileReference; lastKnownFileType = sourcecode.swift; path = AlertController.swift; sourceTree = "<group>"; };
		CE4063852BF2A3F60088C135 /* ImageScaler.swift */ = {isa = PBXFileReference; lastKnownFileType = sourcecode.swift; path = ImageScaler.swift; sourceTree = "<group>"; };
		CE486C692BD7BE91006B5E3D /* NotesViewModel.swift */ = {isa = PBXFileReference; lastKnownFileType = sourcecode.swift; path = NotesViewModel.swift; sourceTree = "<group>"; };
		CE5CD4492BC83B0B0065991D /* RegistrationViewModel.swift */ = {isa = PBXFileReference; lastKnownFileType = sourcecode.swift; path = RegistrationViewModel.swift; sourceTree = "<group>"; };
		CE5CD44B2BC83C320065991D /* User.swift */ = {isa = PBXFileReference; lastKnownFileType = sourcecode.swift; path = User.swift; sourceTree = "<group>"; };
		CE5CD4502BC843170065991D /* AuthorizationViewModel.swift */ = {isa = PBXFileReference; lastKnownFileType = sourcecode.swift; path = AuthorizationViewModel.swift; sourceTree = "<group>"; };
		CE5CD4522BC86EAC0065991D /* TextFieldResources.swift */ = {isa = PBXFileReference; lastKnownFileType = sourcecode.swift; path = TextFieldResources.swift; sourceTree = "<group>"; };
		CE5CD4542BC86EB90065991D /* StringResources.swift */ = {isa = PBXFileReference; lastKnownFileType = sourcecode.swift; path = StringResources.swift; sourceTree = "<group>"; };
		CE5CD4562BC86EC90065991D /* ColorResources.swift */ = {isa = PBXFileReference; lastKnownFileType = sourcecode.swift; path = ColorResources.swift; sourceTree = "<group>"; };
		CE5CD4582BC86EE70065991D /* ImageResources.swift */ = {isa = PBXFileReference; lastKnownFileType = sourcecode.swift; path = ImageResources.swift; sourceTree = "<group>"; };
		CE5CD45A2BC86EF40065991D /* FontResources.swift */ = {isa = PBXFileReference; lastKnownFileType = sourcecode.swift; path = FontResources.swift; sourceTree = "<group>"; };
		CE5CD45C2BC873910065991D /* TabBarResources.swift */ = {isa = PBXFileReference; lastKnownFileType = sourcecode.swift; path = TabBarResources.swift; sourceTree = "<group>"; };
		CE7294052BE7E043009C867F /* ProfileScreenViewModel.swift */ = {isa = PBXFileReference; lastKnownFileType = sourcecode.swift; path = ProfileScreenViewModel.swift; sourceTree = "<group>"; };
		CE7294092BE91BBD009C867F /* EditProfileViewModel.swift */ = {isa = PBXFileReference; lastKnownFileType = sourcecode.swift; path = EditProfileViewModel.swift; sourceTree = "<group>"; };
		CE8214972BCDAADC001D32AB /* UITextField.swift */ = {isa = PBXFileReference; lastKnownFileType = sourcecode.swift; path = UITextField.swift; sourceTree = "<group>"; };
		CE8D50E32B8894F300A14719 /* EditProfileViewController.swift */ = {isa = PBXFileReference; lastKnownFileType = sourcecode.swift; path = EditProfileViewController.swift; sourceTree = "<group>"; };
		CE8D50E62B88985900A14719 /* EditProfileScreenRouter.swift */ = {isa = PBXFileReference; lastKnownFileType = sourcecode.swift; path = EditProfileScreenRouter.swift; sourceTree = "<group>"; };
		CE8D50E82B88986800A14719 /* EditProfileScreenAssembler.swift */ = {isa = PBXFileReference; lastKnownFileType = sourcecode.swift; path = EditProfileScreenAssembler.swift; sourceTree = "<group>"; };
		CE8D50EE2B88E53400A14719 /* AgeTextField.swift */ = {isa = PBXFileReference; lastKnownFileType = sourcecode.swift; path = AgeTextField.swift; sourceTree = "<group>"; };
		CE8D50F02B88E9EF00A14719 /* WeightTextField.swift */ = {isa = PBXFileReference; lastKnownFileType = sourcecode.swift; path = WeightTextField.swift; sourceTree = "<group>"; };
		CE8D50F22B88EA7400A14719 /* HeightTextField.swift */ = {isa = PBXFileReference; lastKnownFileType = sourcecode.swift; path = HeightTextField.swift; sourceTree = "<group>"; };
		CE8D50F42B8A35BB00A14719 /* GenderSegmentController.swift */ = {isa = PBXFileReference; lastKnownFileType = sourcecode.swift; path = GenderSegmentController.swift; sourceTree = "<group>"; };
		CE8D50F62B8A40BD00A14719 /* SelectPhotoButton.swift */ = {isa = PBXFileReference; lastKnownFileType = sourcecode.swift; path = SelectPhotoButton.swift; sourceTree = "<group>"; };
		CEAA4EC72B8D09C70004F369 /* ExerciseInfoController.swift */ = {isa = PBXFileReference; lastKnownFileType = sourcecode.swift; path = ExerciseInfoController.swift; sourceTree = "<group>"; };
		CEAC7E022B81F2FE00AF05CD /* ProfileScreenViewController.swift */ = {isa = PBXFileReference; lastKnownFileType = sourcecode.swift; path = ProfileScreenViewController.swift; sourceTree = "<group>"; };
		CEAC7E0E2B81F41600AF05CD /* Router.swift */ = {isa = PBXFileReference; lastKnownFileType = sourcecode.swift; path = Router.swift; sourceTree = "<group>"; };
		CED9EAFA2B6E4BB80065FE23 /* WorkoutApp(pet).app */ = {isa = PBXFileReference; explicitFileType = wrapper.application; includeInIndex = 0; path = "WorkoutApp(pet).app"; sourceTree = BUILT_PRODUCTS_DIR; };
		CED9EAFD2B6E4BB80065FE23 /* AppDelegate.swift */ = {isa = PBXFileReference; lastKnownFileType = sourcecode.swift; path = AppDelegate.swift; sourceTree = "<group>"; };
		CED9EAFF2B6E4BB80065FE23 /* SceneDelegate.swift */ = {isa = PBXFileReference; lastKnownFileType = sourcecode.swift; path = SceneDelegate.swift; sourceTree = "<group>"; };
		CED9EB012B6E4BB80065FE23 /* WelcomeViewController.swift */ = {isa = PBXFileReference; lastKnownFileType = sourcecode.swift; path = WelcomeViewController.swift; sourceTree = "<group>"; };
		CED9EB062B6E4BBB0065FE23 /* Assets.xcassets */ = {isa = PBXFileReference; lastKnownFileType = folder.assetcatalog; path = Assets.xcassets; sourceTree = "<group>"; };
		CED9EB092B6E4BBB0065FE23 /* Base */ = {isa = PBXFileReference; lastKnownFileType = file.storyboard; name = Base; path = Base.lproj/LaunchScreen.storyboard; sourceTree = "<group>"; };
		CED9EB0B2B6E4BBB0065FE23 /* Info.plist */ = {isa = PBXFileReference; lastKnownFileType = text.plist.xml; path = Info.plist; sourceTree = "<group>"; };
		CED9EB162B6E4D240065FE23 /* UIColor.swift */ = {isa = PBXFileReference; lastKnownFileType = sourcecode.swift; path = UIColor.swift; sourceTree = "<group>"; };
		CED9EB1E2B6E4E1A0065FE23 /* SignUpButton.swift */ = {isa = PBXFileReference; lastKnownFileType = sourcecode.swift; path = SignUpButton.swift; sourceTree = "<group>"; };
		CED9EB212B6E4E680065FE23 /* RegistrationViewController.swift */ = {isa = PBXFileReference; lastKnownFileType = sourcecode.swift; path = RegistrationViewController.swift; sourceTree = "<group>"; };
		CED9EB242B6E70430065FE23 /* SignInButton.swift */ = {isa = PBXFileReference; lastKnownFileType = sourcecode.swift; path = SignInButton.swift; sourceTree = "<group>"; };
		CED9EB282B6E796E0065FE23 /* MainLogo.swift */ = {isa = PBXFileReference; lastKnownFileType = sourcecode.swift; path = MainLogo.swift; sourceTree = "<group>"; };
		CED9EB2A2B6E7AE10065FE23 /* SignInLabel.swift */ = {isa = PBXFileReference; lastKnownFileType = sourcecode.swift; path = SignInLabel.swift; sourceTree = "<group>"; };
		CED9EB322B6E8B6E0065FE23 /* RegistrationLabel.swift */ = {isa = PBXFileReference; lastKnownFileType = sourcecode.swift; path = RegistrationLabel.swift; sourceTree = "<group>"; };
		CED9EB3F2B7011970065FE23 /* AuthorisationViewController.swift */ = {isa = PBXFileReference; lastKnownFileType = sourcecode.swift; path = AuthorisationViewController.swift; sourceTree = "<group>"; };
		CED9EB432B7015AF0065FE23 /* LogInEmailTextField.swift */ = {isa = PBXFileReference; lastKnownFileType = sourcecode.swift; path = LogInEmailTextField.swift; sourceTree = "<group>"; };
		CED9EB462B71130C0065FE23 /* LogInPasswordTextField.swift */ = {isa = PBXFileReference; lastKnownFileType = sourcecode.swift; path = LogInPasswordTextField.swift; sourceTree = "<group>"; };
		CED9EB482B7146760065FE23 /* UIView.swift */ = {isa = PBXFileReference; lastKnownFileType = sourcecode.swift; path = UIView.swift; sourceTree = "<group>"; };
		CED9EB4C2B715A1A0065FE23 /* HandbookScreenViewController.swift */ = {isa = PBXFileReference; lastKnownFileType = sourcecode.swift; path = HandbookScreenViewController.swift; sourceTree = "<group>"; };
		CED9EB542B715DCA0065FE23 /* AuthSignInButton.swift */ = {isa = PBXFileReference; lastKnownFileType = sourcecode.swift; path = AuthSignInButton.swift; sourceTree = "<group>"; };
		CED9EB622B7258DD0065FE23 /* TabController.swift */ = {isa = PBXFileReference; lastKnownFileType = sourcecode.swift; path = TabController.swift; sourceTree = "<group>"; };
		CED9EB692B7259BB0065FE23 /* NotesScreenViewController.swift */ = {isa = PBXFileReference; lastKnownFileType = sourcecode.swift; path = NotesScreenViewController.swift; sourceTree = "<group>"; };
		CEDC92192BD14B2800902268 /* ResetPasswordViewController.swift */ = {isa = PBXFileReference; lastKnownFileType = sourcecode.swift; path = ResetPasswordViewController.swift; sourceTree = "<group>"; };
		CEDC921B2BD14B3400902268 /* ResetPasswordViewModel.swift */ = {isa = PBXFileReference; lastKnownFileType = sourcecode.swift; path = ResetPasswordViewModel.swift; sourceTree = "<group>"; };
		CEDC921D2BD14B5B00902268 /* ResetPasswordRouter.swift */ = {isa = PBXFileReference; lastKnownFileType = sourcecode.swift; path = ResetPasswordRouter.swift; sourceTree = "<group>"; };
		CEDC921F2BD14B6B00902268 /* ResetPasswordAssembler.swift */ = {isa = PBXFileReference; lastKnownFileType = sourcecode.swift; path = ResetPasswordAssembler.swift; sourceTree = "<group>"; };
		CEDC92212BD14F6C00902268 /* ResetEmailTextField.swift */ = {isa = PBXFileReference; lastKnownFileType = sourcecode.swift; path = ResetEmailTextField.swift; sourceTree = "<group>"; };
		CEDC92232BD14FA400902268 /* ResetLabel.swift */ = {isa = PBXFileReference; lastKnownFileType = sourcecode.swift; path = ResetLabel.swift; sourceTree = "<group>"; };
		CEDC92252BD14FB400902268 /* ResetPasswordButton.swift */ = {isa = PBXFileReference; lastKnownFileType = sourcecode.swift; path = ResetPasswordButton.swift; sourceTree = "<group>"; };
		CEDC92272BD1697900902268 /* AuthResetPasswordButton.swift */ = {isa = PBXFileReference; lastKnownFileType = sourcecode.swift; path = AuthResetPasswordButton.swift; sourceTree = "<group>"; };
		CEF2AB512BBD769100205B60 /* Assembler.swift */ = {isa = PBXFileReference; lastKnownFileType = sourcecode.swift; path = Assembler.swift; sourceTree = "<group>"; };
		CEF2AB542BBDA8D300205B60 /* AddNoteCustomTextField.swift */ = {isa = PBXFileReference; lastKnownFileType = sourcecode.swift; path = AddNoteCustomTextField.swift; sourceTree = "<group>"; };
		CEF2AB582BBED36200205B60 /* AddExerciseButton.swift */ = {isa = PBXFileReference; lastKnownFileType = sourcecode.swift; path = AddExerciseButton.swift; sourceTree = "<group>"; };
/* End PBXFileReference section */

/* Begin PBXFrameworksBuildPhase section */
		CED9EAF72B6E4BB80065FE23 /* Frameworks */ = {
			isa = PBXFrameworksBuildPhase;
			buildActionMask = 2147483647;
			files = (
				8A3A72452C3716E30066A743 /* FirebaseFirestoreSwift in Frameworks */,
				8A3A72412C3716E30066A743 /* FirebaseDatabase in Frameworks */,
				8A3A72432C3716E30066A743 /* FirebaseFirestore in Frameworks */,
				8A3A723D2C3716E30066A743 /* FirebaseAppCheck in Frameworks */,
				8A3A723F2C3716E30066A743 /* FirebaseAuth in Frameworks */,
				8A3A72472C3716E30066A743 /* FirebaseStorage in Frameworks */,
			);
			runOnlyForDeploymentPostprocessing = 0;
		};
/* End PBXFrameworksBuildPhase section */

/* Begin PBXGroup section */
		8A3A72482C3734AF0066A743 /* Navigation */ = {
			isa = PBXGroup;
			children = (
				CEAC7E0E2B81F41600AF05CD /* Router.swift */,
				CEF2AB512BBD769100205B60 /* Assembler.swift */,
			);
			path = Navigation;
			sourceTree = "<group>";
		};
		8A63958F2C049E9400A8A928 /* Frameworks */ = {
			isa = PBXGroup;
			children = (
			);
			name = Frameworks;
			sourceTree = "<group>";
		};
		CE00CCD82B922D8D001E1E8B /* Views */ = {
			isa = PBXGroup;
			children = (
				CE00CCD92B922DAB001E1E8B /* ExerciseNameLabel.swift */,
				CE00CCDB2B922DB7001E1E8B /* ExerciseTypeLabel.swift */,
				CE00CCE52B923763001E1E8B /* MuscleLabel.swift */,
				CE00CCDD2B922DC8001E1E8B /* EquipmentLabel.swift */,
				CE00CCDF2B922DDA001E1E8B /* DifficultyLabel.swift */,
				CE00CCE12B922DE6001E1E8B /* InstructionsLabel.swift */,
			);
			path = Views;
			sourceTree = "<group>";
		};
		CE00CCE72B974AAD001E1E8B /* Views */ = {
			isa = PBXGroup;
			children = (
				CE00CCF02B98E06B001E1E8B /* TrainNotesView */,
				CE3C13062BBB25D4003F3561 /* AddNoteButton.swift */,
			);
			path = Views;
			sourceTree = "<group>";
		};
		CE00CCF02B98E06B001E1E8B /* TrainNotesView */ = {
			isa = PBXGroup;
			children = (
				CE00CCEE2B98CE07001E1E8B /* TrainNoteCell.swift */,
				8A3A72392C370A330066A743 /* NotesHeader.swift */,
			);
			path = TrainNotesView;
			sourceTree = "<group>";
		};
		CE00CCF42B9AF745001E1E8B /* NotesInfoScreen */ = {
			isa = PBXGroup;
			children = (
				CE00CCF52B9AF78A001E1E8B /* TrainNotesInfoViewController.swift */,
			);
			path = NotesInfoScreen;
			sourceTree = "<group>";
		};
		CE1A8BBA2B822EDB00ACB21C /* NetworkService */ = {
			isa = PBXGroup;
			children = (
				CE1A8BC22B8256C000ACB21C /* NetworkService.swift */,
			);
			path = NetworkService;
			sourceTree = "<group>";
		};
		CE1A8BBD2B822F1E00ACB21C /* Model */ = {
			isa = PBXGroup;
			children = (
				CE1A8BBE2B822F2D00ACB21C /* HandbookExercise.swift */,
				CE3C13042BB9724C003F3561 /* Note.swift */,
				CE5CD44B2BC83C320065991D /* User.swift */,
			);
			path = Model;
			sourceTree = "<group>";
		};
		CE1A8BC82B878EB700ACB21C /* Views */ = {
			isa = PBXGroup;
			children = (
				CE1A8BD32B87E60D00ACB21C /* ProfilePhotoView */,
				CE1A8BD42B87E62500ACB21C /* NameLabel.swift */,
				CE1A8BD62B87E63000ACB21C /* GenderLabel.swift */,
				CE1A8BD82B87E63800ACB21C /* AgeLabel.swift */,
				CE1A8BDA2B87E64500ACB21C /* WeightLabel.swift */,
				CE1A8BDC2B87E64E00ACB21C /* HeightLabel.swift */,
				CE1A8BDE2B87E65C00ACB21C /* BMILabel.swift */,
				CE1A8BE02B87E67900ACB21C /* BMIDescriptionLabel.swift */,
			);
			path = Views;
			sourceTree = "<group>";
		};
		CE1A8BCB2B87DBFD00ACB21C /* Views */ = {
			isa = PBXGroup;
			children = (
				CED9EB422B7012240065FE23 /* Buttons */,
				CED9EB412B7012160065FE23 /* TextFields */,
			);
			path = Views;
			sourceTree = "<group>";
		};
		CE1A8BD32B87E60D00ACB21C /* ProfilePhotoView */ = {
			isa = PBXGroup;
			children = (
				CE1A8BCF2B87DC7700ACB21C /* ProfilePhotoView.swift */,
				CE1A8BD12B87E60200ACB21C /* PhotoLabel.swift */,
			);
			path = ProfilePhotoView;
			sourceTree = "<group>";
		};
		CE3C13002BB32E9D003F3561 /* TextField */ = {
			isa = PBXGroup;
			children = (
				CE3C12FE2BB32086003F3561 /* CustomTextField.swift */,
			);
			path = TextField;
			sourceTree = "<group>";
		};
		CE3C13012BB5D5F8003F3561 /* Views */ = {
			isa = PBXGroup;
			children = (
				CE3C13022BB5D606003F3561 /* ActivityIndicator.swift */,
			);
			path = Views;
			sourceTree = "<group>";
		};
		CE3C13342BBD5143003F3561 /* AddNoteScreen */ = {
			isa = PBXGroup;
			children = (
				CEF2AB532BBDA8C100205B60 /* Views */,
				CE3C13352BBD515C003F3561 /* AddNoteViewController.swift */,
			);
			path = AddNoteScreen;
			sourceTree = "<group>";
		};
		CE40637C2BF232C20088C135 /* Helpers */ = {
			isa = PBXGroup;
			children = (
				CE40637D2BF232D40088C135 /* ValidateField.swift */,
				CE4063802BF23EEA0088C135 /* AlertController.swift */,
				CE4063852BF2A3F60088C135 /* ImageScaler.swift */,
				CE0CC2E82BF37C7300501CD9 /* FetchPhotoHelper.swift */,
			);
			path = Helpers;
			sourceTree = "<group>";
		};
		CE8D50E22B88939000A14719 /* EditProfileScreen */ = {
			isa = PBXGroup;
			children = (
				CE8D50EA2B88A0B600A14719 /* Views */,
				CE8D50E52B88984B00A14719 /* Navigation */,
				CE8D50E32B8894F300A14719 /* EditProfileViewController.swift */,
				CE7294092BE91BBD009C867F /* EditProfileViewModel.swift */,
			);
			path = EditProfileScreen;
			sourceTree = "<group>";
		};
		CE8D50E52B88984B00A14719 /* Navigation */ = {
			isa = PBXGroup;
			children = (
				CE8D50E62B88985900A14719 /* EditProfileScreenRouter.swift */,
				CE8D50E82B88986800A14719 /* EditProfileScreenAssembler.swift */,
			);
			path = Navigation;
			sourceTree = "<group>";
		};
		CE8D50EA2B88A0B600A14719 /* Views */ = {
			isa = PBXGroup;
			children = (
				CE8D50EB2B88A0BD00A14719 /* TextFields */,
				CE8D50F42B8A35BB00A14719 /* GenderSegmentController.swift */,
				CE8D50F62B8A40BD00A14719 /* SelectPhotoButton.swift */,
			);
			path = Views;
			sourceTree = "<group>";
		};
		CE8D50EB2B88A0BD00A14719 /* TextFields */ = {
			isa = PBXGroup;
			children = (
				CE8D50EE2B88E53400A14719 /* AgeTextField.swift */,
				CE8D50F02B88E9EF00A14719 /* WeightTextField.swift */,
				CE8D50F22B88EA7400A14719 /* HeightTextField.swift */,
			);
			path = TextFields;
			sourceTree = "<group>";
		};
		CEAA4EC62B8CFBCD0004F369 /* ExerciseInfoScreen */ = {
			isa = PBXGroup;
			children = (
				CE00CCD82B922D8D001E1E8B /* Views */,
				CEAA4EC72B8D09C70004F369 /* ExerciseInfoController.swift */,
				CE00CCE32B9232C1001E1E8B /* ExerciseInfoViewModel.swift */,
			);
			path = ExerciseInfoScreen;
			sourceTree = "<group>";
		};
		CEAC7E012B81F27900AF05CD /* ProfileScreen */ = {
			isa = PBXGroup;
			children = (
				CE1A8BC82B878EB700ACB21C /* Views */,
				CEAC7E022B81F2FE00AF05CD /* ProfileScreenViewController.swift */,
				CE7294052BE7E043009C867F /* ProfileScreenViewModel.swift */,
			);
			path = ProfileScreen;
			sourceTree = "<group>";
		};
		CED9EAF12B6E4BB80065FE23 = {
			isa = PBXGroup;
			children = (
				CED9EAFC2B6E4BB80065FE23 /* WorkoutApp(pet) */,
				CED9EAFB2B6E4BB80065FE23 /* Products */,
				8A63958F2C049E9400A8A928 /* Frameworks */,
			);
			sourceTree = "<group>";
		};
		CED9EAFB2B6E4BB80065FE23 /* Products */ = {
			isa = PBXGroup;
			children = (
				CED9EAFA2B6E4BB80065FE23 /* WorkoutApp(pet).app */,
			);
			name = Products;
			sourceTree = "<group>";
		};
		CED9EAFC2B6E4BB80065FE23 /* WorkoutApp(pet) */ = {
			isa = PBXGroup;
			children = (
				8A3A72482C3734AF0066A743 /* Navigation */,
				CE40637C2BF232C20088C135 /* Helpers */,
				CED9EB1A2B6E4D6F0065FE23 /* Application */,
				CE1A8BBA2B822EDB00ACB21C /* NetworkService */,
				CE1A8BBD2B822F1E00ACB21C /* Model */,
				CED9EB142B6E4CE70065FE23 /* Resources */,
				CED9EB1B2B6E4DCA0065FE23 /* WelcomeScreen */,
				CED9EB202B6E4E480065FE23 /* RegistrationScreen */,
				CED9EB3E2B70112E0065FE23 /* AuthorisationScreen */,
				CEDC92142BD14AAA00902268 /* ResetPasswordScreen */,
				CED9EB612B7258B50065FE23 /* TabController */,
				CED9EB4B2B7159EC0065FE23 /* HandbookScreen */,
				CEAA4EC62B8CFBCD0004F369 /* ExerciseInfoScreen */,
				CED9EB652B7259560065FE23 /* NotesScreen */,
				CE3C13342BBD5143003F3561 /* AddNoteScreen */,
				CE00CCF42B9AF745001E1E8B /* NotesInfoScreen */,
				CEAC7E012B81F27900AF05CD /* ProfileScreen */,
				CE8D50E22B88939000A14719 /* EditProfileScreen */,
				CED9EB0B2B6E4BBB0065FE23 /* Info.plist */,
				8A011DA62C20AC0A0079D36D /* GoogleService-Info.plist */,
			);
			path = "WorkoutApp(pet)";
			sourceTree = "<group>";
		};
		CED9EB142B6E4CE70065FE23 /* Resources */ = {
			isa = PBXGroup;
			children = (
				CED9EB062B6E4BBB0065FE23 /* Assets.xcassets */,
				8A67553D2C2B5D48001D187B /* Localizable.strings */,
				CED9EB152B6E4D060065FE23 /* Extensions */,
				CE5CD4522BC86EAC0065991D /* TextFieldResources.swift */,
				CE5CD4542BC86EB90065991D /* StringResources.swift */,
				CE5CD4562BC86EC90065991D /* ColorResources.swift */,
				CE5CD4582BC86EE70065991D /* ImageResources.swift */,
				CE5CD45A2BC86EF40065991D /* FontResources.swift */,
				CE5CD45C2BC873910065991D /* TabBarResources.swift */,
			);
			path = Resources;
			sourceTree = "<group>";
		};
		CED9EB152B6E4D060065FE23 /* Extensions */ = {
			isa = PBXGroup;
			children = (
				CED9EB162B6E4D240065FE23 /* UIColor.swift */,
				CED9EB482B7146760065FE23 /* UIView.swift */,
				CE8214972BCDAADC001D32AB /* UITextField.swift */,
				8AEEDDCC2C1CEF310055E216 /* UIViewController.swift */,
			);
			path = Extensions;
			sourceTree = "<group>";
		};
		CED9EB1A2B6E4D6F0065FE23 /* Application */ = {
			isa = PBXGroup;
			children = (
				CED9EAFD2B6E4BB80065FE23 /* AppDelegate.swift */,
				CED9EAFF2B6E4BB80065FE23 /* SceneDelegate.swift */,
				CED9EB082B6E4BBB0065FE23 /* LaunchScreen.storyboard */,
			);
			path = Application;
			sourceTree = "<group>";
		};
		CED9EB1B2B6E4DCA0065FE23 /* WelcomeScreen */ = {
			isa = PBXGroup;
			children = (
				CED9EB1C2B6E4DFC0065FE23 /* Views */,
				CED9EB012B6E4BB80065FE23 /* WelcomeViewController.swift */,
			);
			path = WelcomeScreen;
			sourceTree = "<group>";
		};
		CED9EB1C2B6E4DFC0065FE23 /* Views */ = {
			isa = PBXGroup;
			children = (
				CED9EB232B6E702D0065FE23 /* Buttons */,
				CED9EB282B6E796E0065FE23 /* MainLogo.swift */,
				CED9EB2A2B6E7AE10065FE23 /* SignInLabel.swift */,
			);
			path = Views;
			sourceTree = "<group>";
		};
		CED9EB202B6E4E480065FE23 /* RegistrationScreen */ = {
			isa = PBXGroup;
			children = (
				CED9EB2E2B6E7F890065FE23 /* Views */,
				CED9EB212B6E4E680065FE23 /* RegistrationViewController.swift */,
				CE5CD4492BC83B0B0065991D /* RegistrationViewModel.swift */,
			);
			path = RegistrationScreen;
			sourceTree = "<group>";
		};
		CED9EB232B6E702D0065FE23 /* Buttons */ = {
			isa = PBXGroup;
			children = (
				CED9EB1E2B6E4E1A0065FE23 /* SignUpButton.swift */,
				CED9EB242B6E70430065FE23 /* SignInButton.swift */,
			);
			path = Buttons;
			sourceTree = "<group>";
		};
		CED9EB2E2B6E7F890065FE23 /* Views */ = {
			isa = PBXGroup;
			children = (
				CE3C13002BB32E9D003F3561 /* TextField */,
				CED9EB302B6E7FA30065FE23 /* Labels */,
				8A6755412C2CBDE5001D187B /* CustomNavBarButton.swift */,
			);
			path = Views;
			sourceTree = "<group>";
		};
		CED9EB302B6E7FA30065FE23 /* Labels */ = {
			isa = PBXGroup;
			children = (
				CED9EB322B6E8B6E0065FE23 /* RegistrationLabel.swift */,
			);
			path = Labels;
			sourceTree = "<group>";
		};
		CED9EB3E2B70112E0065FE23 /* AuthorisationScreen */ = {
			isa = PBXGroup;
			children = (
				CE1A8BCB2B87DBFD00ACB21C /* Views */,
				CED9EB3F2B7011970065FE23 /* AuthorisationViewController.swift */,
				CE5CD4502BC843170065991D /* AuthorizationViewModel.swift */,
			);
			path = AuthorisationScreen;
			sourceTree = "<group>";
		};
		CED9EB412B7012160065FE23 /* TextFields */ = {
			isa = PBXGroup;
			children = (
				CED9EB432B7015AF0065FE23 /* LogInEmailTextField.swift */,
				CED9EB462B71130C0065FE23 /* LogInPasswordTextField.swift */,
			);
			path = TextFields;
			sourceTree = "<group>";
		};
		CED9EB422B7012240065FE23 /* Buttons */ = {
			isa = PBXGroup;
			children = (
				CED9EB542B715DCA0065FE23 /* AuthSignInButton.swift */,
				CEDC92272BD1697900902268 /* AuthResetPasswordButton.swift */,
			);
			path = Buttons;
			sourceTree = "<group>";
		};
		CED9EB4B2B7159EC0065FE23 /* HandbookScreen */ = {
			isa = PBXGroup;
			children = (
				CE3C13012BB5D5F8003F3561 /* Views */,
				CED9EB4C2B715A1A0065FE23 /* HandbookScreenViewController.swift */,
				CE1A8BC42B82644D00ACB21C /* HandbookViewModel.swift */,
				CE1A8BC62B826BC800ACB21C /* HandbookCell.swift */,
			);
			path = HandbookScreen;
			sourceTree = "<group>";
		};
		CED9EB612B7258B50065FE23 /* TabController */ = {
			isa = PBXGroup;
			children = (
				CED9EB622B7258DD0065FE23 /* TabController.swift */,
			);
			path = TabController;
			sourceTree = "<group>";
		};
		CED9EB652B7259560065FE23 /* NotesScreen */ = {
			isa = PBXGroup;
			children = (
				CE00CCE72B974AAD001E1E8B /* Views */,
				CED9EB692B7259BB0065FE23 /* NotesScreenViewController.swift */,
				CE486C692BD7BE91006B5E3D /* NotesViewModel.swift */,
			);
			path = NotesScreen;
			sourceTree = "<group>";
		};
		CEDC92142BD14AAA00902268 /* ResetPasswordScreen */ = {
			isa = PBXGroup;
			children = (
				CEDC92172BD14B1000902268 /* Views */,
				CEDC92152BD14AF800902268 /* Navigation */,
				CEDC92192BD14B2800902268 /* ResetPasswordViewController.swift */,
				CEDC921B2BD14B3400902268 /* ResetPasswordViewModel.swift */,
			);
			path = ResetPasswordScreen;
			sourceTree = "<group>";
		};
		CEDC92152BD14AF800902268 /* Navigation */ = {
			isa = PBXGroup;
			children = (
				CEDC921F2BD14B6B00902268 /* ResetPasswordAssembler.swift */,
				CEDC921D2BD14B5B00902268 /* ResetPasswordRouter.swift */,
			);
			path = Navigation;
			sourceTree = "<group>";
		};
		CEDC92172BD14B1000902268 /* Views */ = {
			isa = PBXGroup;
			children = (
				CEDC92212BD14F6C00902268 /* ResetEmailTextField.swift */,
				CEDC92232BD14FA400902268 /* ResetLabel.swift */,
				CEDC92252BD14FB400902268 /* ResetPasswordButton.swift */,
			);
			path = Views;
			sourceTree = "<group>";
		};
		CEF2AB532BBDA8C100205B60 /* Views */ = {
			isa = PBXGroup;
			children = (
				CEF2AB542BBDA8D300205B60 /* AddNoteCustomTextField.swift */,
				CEF2AB582BBED36200205B60 /* AddExerciseButton.swift */,
			);
			path = Views;
			sourceTree = "<group>";
		};
/* End PBXGroup section */

/* Begin PBXNativeTarget section */
		CED9EAF92B6E4BB80065FE23 /* WorkoutApp(pet) */ = {
			isa = PBXNativeTarget;
			buildConfigurationList = CED9EB0E2B6E4BBB0065FE23 /* Build configuration list for PBXNativeTarget "WorkoutApp(pet)" */;
			buildPhases = (
				CED9EAF62B6E4BB80065FE23 /* Sources */,
				CED9EAF72B6E4BB80065FE23 /* Frameworks */,
				CED9EAF82B6E4BB80065FE23 /* Resources */,
			);
			buildRules = (
			);
			dependencies = (
			);
			name = "WorkoutApp(pet)";
			packageProductDependencies = (
				8A3A723C2C3716E30066A743 /* FirebaseAppCheck */,
				8A3A723E2C3716E30066A743 /* FirebaseAuth */,
				8A3A72402C3716E30066A743 /* FirebaseDatabase */,
				8A3A72422C3716E30066A743 /* FirebaseFirestore */,
				8A3A72442C3716E30066A743 /* FirebaseFirestoreSwift */,
				8A3A72462C3716E30066A743 /* FirebaseStorage */,
			);
			productName = "WorkoutApp(pet)";
			productReference = CED9EAFA2B6E4BB80065FE23 /* WorkoutApp(pet).app */;
			productType = "com.apple.product-type.application";
		};
/* End PBXNativeTarget section */

/* Begin PBXProject section */
		CED9EAF22B6E4BB80065FE23 /* Project object */ = {
			isa = PBXProject;
			attributes = {
				BuildIndependentTargetsInParallel = YES;
				LastSwiftUpdateCheck = 1250;
				LastUpgradeCheck = 1540;
				TargetAttributes = {
					CED9EAF92B6E4BB80065FE23 = {
						CreatedOnToolsVersion = 12.5.1;
					};
				};
			};
			buildConfigurationList = CED9EAF52B6E4BB80065FE23 /* Build configuration list for PBXProject "WorkoutApp(pet)" */;
			compatibilityVersion = "Xcode 9.3";
			developmentRegion = ru;
			hasScannedForEncodings = 0;
			knownRegions = (
				Base,
				en,
				ru,
			);
			mainGroup = CED9EAF12B6E4BB80065FE23;
			packageReferences = (
				8A3A723B2C3716E30066A743 /* XCRemoteSwiftPackageReference "firebase-ios-sdk" */,
			);
			productRefGroup = CED9EAFB2B6E4BB80065FE23 /* Products */;
			projectDirPath = "";
			projectRoot = "";
			targets = (
				CED9EAF92B6E4BB80065FE23 /* WorkoutApp(pet) */,
			);
		};
/* End PBXProject section */

/* Begin PBXResourcesBuildPhase section */
		CED9EAF82B6E4BB80065FE23 /* Resources */ = {
			isa = PBXResourcesBuildPhase;
			buildActionMask = 2147483647;
			files = (
				8A67553F2C2B5D48001D187B /* Localizable.strings in Resources */,
				CED9EB0A2B6E4BBB0065FE23 /* LaunchScreen.storyboard in Resources */,
				CED9EB072B6E4BBB0065FE23 /* Assets.xcassets in Resources */,
				8A011DA72C20AC0A0079D36D /* GoogleService-Info.plist in Resources */,
			);
			runOnlyForDeploymentPostprocessing = 0;
		};
/* End PBXResourcesBuildPhase section */

/* Begin PBXSourcesBuildPhase section */
		CED9EAF62B6E4BB80065FE23 /* Sources */ = {
			isa = PBXSourcesBuildPhase;
			buildActionMask = 2147483647;
			files = (
				CE3C13032BB5D606003F3561 /* ActivityIndicator.swift in Sources */,
				CE00CCE22B922DE6001E1E8B /* InstructionsLabel.swift in Sources */,
				CE00CCF62B9AF78A001E1E8B /* TrainNotesInfoViewController.swift in Sources */,
				CE1A8BC72B826BC800ACB21C /* HandbookCell.swift in Sources */,
				CE1A8BE12B87E67900ACB21C /* BMIDescriptionLabel.swift in Sources */,
				CE5CD44C2BC83C320065991D /* User.swift in Sources */,
				CE1A8BDF2B87E65C00ACB21C /* BMILabel.swift in Sources */,
				CEDC92222BD14F6C00902268 /* ResetEmailTextField.swift in Sources */,
				CED9EB442B7015AF0065FE23 /* LogInEmailTextField.swift in Sources */,
				CE8214982BCDAADC001D32AB /* UITextField.swift in Sources */,
				CE8D50F52B8A35BB00A14719 /* GenderSegmentController.swift in Sources */,
				CEDC92282BD1697900902268 /* AuthResetPasswordButton.swift in Sources */,
				CEF2AB522BBD769100205B60 /* Assembler.swift in Sources */,
				CE5CD4552BC86EB90065991D /* StringResources.swift in Sources */,
				CE00CCDC2B922DB7001E1E8B /* ExerciseTypeLabel.swift in Sources */,
				CE5CD45D2BC873910065991D /* TabBarResources.swift in Sources */,
				CE8D50EF2B88E53400A14719 /* AgeTextField.swift in Sources */,
				CE1A8BD72B87E63000ACB21C /* GenderLabel.swift in Sources */,
				CED9EB472B71130C0065FE23 /* LogInPasswordTextField.swift in Sources */,
				CE3C12FF2BB32086003F3561 /* CustomTextField.swift in Sources */,
				CEDC921A2BD14B2800902268 /* ResetPasswordViewController.swift in Sources */,
				CED9EB492B7146760065FE23 /* UIView.swift in Sources */,
				CE1A8BD92B87E63800ACB21C /* AgeLabel.swift in Sources */,
				CE0CC2E92BF37C7300501CD9 /* FetchPhotoHelper.swift in Sources */,
				CE4063862BF2A3F60088C135 /* ImageScaler.swift in Sources */,
				CE00CCE02B922DDA001E1E8B /* DifficultyLabel.swift in Sources */,
				CE486C6A2BD7BE91006B5E3D /* NotesViewModel.swift in Sources */,
				8A3A723A2C370A330066A743 /* NotesHeader.swift in Sources */,
				CED9EB022B6E4BB80065FE23 /* WelcomeViewController.swift in Sources */,
				CE1A8BBF2B822F2D00ACB21C /* HandbookExercise.swift in Sources */,
				CE8D50E92B88986800A14719 /* EditProfileScreenAssembler.swift in Sources */,
				CED9EB222B6E4E680065FE23 /* RegistrationViewController.swift in Sources */,
				CE8D50F32B88EA7400A14719 /* HeightTextField.swift in Sources */,
				CED9EB402B7011970065FE23 /* AuthorisationViewController.swift in Sources */,
				CED9EB552B715DCA0065FE23 /* AuthSignInButton.swift in Sources */,
				CE00CCE62B923763001E1E8B /* MuscleLabel.swift in Sources */,
				CEDC92242BD14FA400902268 /* ResetLabel.swift in Sources */,
				CEAA4EC82B8D09C70004F369 /* ExerciseInfoController.swift in Sources */,
				CEDC92202BD14B6B00902268 /* ResetPasswordAssembler.swift in Sources */,
				CE3C13052BB9724C003F3561 /* Note.swift in Sources */,
				CE5CD4532BC86EAC0065991D /* TextFieldResources.swift in Sources */,
				CE1A8BC32B8256C000ACB21C /* NetworkService.swift in Sources */,
				CE3C13072BBB25D4003F3561 /* AddNoteButton.swift in Sources */,
				CE8D50F72B8A40BD00A14719 /* SelectPhotoButton.swift in Sources */,
				CED9EAFE2B6E4BB80065FE23 /* AppDelegate.swift in Sources */,
				CE1A8BDD2B87E64E00ACB21C /* HeightLabel.swift in Sources */,
				CEF2AB552BBDA8D300205B60 /* AddNoteCustomTextField.swift in Sources */,
				CE5CD45B2BC86EF40065991D /* FontResources.swift in Sources */,
				CEAC7E032B81F2FE00AF05CD /* ProfileScreenViewController.swift in Sources */,
				CE1A8BC52B82644D00ACB21C /* HandbookViewModel.swift in Sources */,
				CEDC921E2BD14B5B00902268 /* ResetPasswordRouter.swift in Sources */,
				CE7294062BE7E043009C867F /* ProfileScreenViewModel.swift in Sources */,
				CE1A8BDB2B87E64500ACB21C /* WeightLabel.swift in Sources */,
				CE5CD4592BC86EE70065991D /* ImageResources.swift in Sources */,
				CE00CCE42B9232C1001E1E8B /* ExerciseInfoViewModel.swift in Sources */,
				CEDC92262BD14FB400902268 /* ResetPasswordButton.swift in Sources */,
				CED9EB252B6E70430065FE23 /* SignInButton.swift in Sources */,
				CE00CCEF2B98CE07001E1E8B /* TrainNoteCell.swift in Sources */,
				CED9EB4D2B715A1A0065FE23 /* HandbookScreenViewController.swift in Sources */,
				CED9EB002B6E4BB80065FE23 /* SceneDelegate.swift in Sources */,
				CED9EB172B6E4D240065FE23 /* UIColor.swift in Sources */,
				CE1A8BD22B87E60200ACB21C /* PhotoLabel.swift in Sources */,
				CED9EB632B7258DD0065FE23 /* TabController.swift in Sources */,
				CE8D50F12B88E9EF00A14719 /* WeightTextField.swift in Sources */,
				CE5CD4572BC86EC90065991D /* ColorResources.swift in Sources */,
				CE00CCDA2B922DAB001E1E8B /* ExerciseNameLabel.swift in Sources */,
				8AEEDDCD2C1CEF310055E216 /* UIViewController.swift in Sources */,
				CED9EB292B6E796E0065FE23 /* MainLogo.swift in Sources */,
				CE4063812BF23EEA0088C135 /* AlertController.swift in Sources */,
				CE8D50E42B8894F300A14719 /* EditProfileViewController.swift in Sources */,
				CED9EB6A2B7259BB0065FE23 /* NotesScreenViewController.swift in Sources */,
				CE5CD4512BC843170065991D /* AuthorizationViewModel.swift in Sources */,
				CED9EB332B6E8B6E0065FE23 /* RegistrationLabel.swift in Sources */,
				CEF2AB592BBED36200205B60 /* AddExerciseButton.swift in Sources */,
				CED9EB2B2B6E7AE10065FE23 /* SignInLabel.swift in Sources */,
				CE40637E2BF232D40088C135 /* ValidateField.swift in Sources */,
				CEAC7E0F2B81F41600AF05CD /* Router.swift in Sources */,
				8A6755422C2CBDE5001D187B /* CustomNavBarButton.swift in Sources */,
				CE00CCDE2B922DC8001E1E8B /* EquipmentLabel.swift in Sources */,
				CEDC921C2BD14B3400902268 /* ResetPasswordViewModel.swift in Sources */,
				CE1A8BD52B87E62500ACB21C /* NameLabel.swift in Sources */,
				CE8D50E72B88985900A14719 /* EditProfileScreenRouter.swift in Sources */,
				CE3C13362BBD515C003F3561 /* AddNoteViewController.swift in Sources */,
				CED9EB1F2B6E4E1A0065FE23 /* SignUpButton.swift in Sources */,
				CE72940A2BE91BBD009C867F /* EditProfileViewModel.swift in Sources */,
				CE1A8BD02B87DC7700ACB21C /* ProfilePhotoView.swift in Sources */,
				CE5CD44A2BC83B0B0065991D /* RegistrationViewModel.swift in Sources */,
			);
			runOnlyForDeploymentPostprocessing = 0;
		};
/* End PBXSourcesBuildPhase section */

/* Begin PBXVariantGroup section */
		8A67553D2C2B5D48001D187B /* Localizable.strings */ = {
			isa = PBXVariantGroup;
			children = (
				8A67553E2C2B5D48001D187B /* en */,
				8A6755402C2B5D63001D187B /* ru */,
			);
			name = Localizable.strings;
			sourceTree = "<group>";
		};
		CED9EB082B6E4BBB0065FE23 /* LaunchScreen.storyboard */ = {
			isa = PBXVariantGroup;
			children = (
				CED9EB092B6E4BBB0065FE23 /* Base */,
			);
			name = LaunchScreen.storyboard;
			sourceTree = "<group>";
		};
/* End PBXVariantGroup section */

/* Begin XCBuildConfiguration section */
		CED9EB0C2B6E4BBB0065FE23 /* Debug */ = {
			isa = XCBuildConfiguration;
			buildSettings = {
				ALWAYS_SEARCH_USER_PATHS = NO;
				CLANG_ANALYZER_LOCALIZABILITY_NONLOCALIZED = YES;
				CLANG_ANALYZER_NONNULL = YES;
				CLANG_ANALYZER_NUMBER_OBJECT_CONVERSION = YES_AGGRESSIVE;
				CLANG_CXX_LANGUAGE_STANDARD = "gnu++14";
				CLANG_CXX_LIBRARY = "libc++";
				CLANG_ENABLE_MODULES = YES;
				CLANG_ENABLE_OBJC_ARC = YES;
				CLANG_ENABLE_OBJC_WEAK = YES;
				CLANG_WARN_BLOCK_CAPTURE_AUTORELEASING = YES;
				CLANG_WARN_BOOL_CONVERSION = YES;
				CLANG_WARN_COMMA = YES;
				CLANG_WARN_CONSTANT_CONVERSION = YES;
				CLANG_WARN_DEPRECATED_OBJC_IMPLEMENTATIONS = YES;
				CLANG_WARN_DIRECT_OBJC_ISA_USAGE = YES_ERROR;
				CLANG_WARN_DOCUMENTATION_COMMENTS = YES;
				CLANG_WARN_EMPTY_BODY = YES;
				CLANG_WARN_ENUM_CONVERSION = YES;
				CLANG_WARN_INFINITE_RECURSION = YES;
				CLANG_WARN_INT_CONVERSION = YES;
				CLANG_WARN_NON_LITERAL_NULL_CONVERSION = YES;
				CLANG_WARN_OBJC_IMPLICIT_RETAIN_SELF = YES;
				CLANG_WARN_OBJC_LITERAL_CONVERSION = YES;
				CLANG_WARN_OBJC_ROOT_CLASS = YES_ERROR;
				CLANG_WARN_QUOTED_INCLUDE_IN_FRAMEWORK_HEADER = YES;
				CLANG_WARN_RANGE_LOOP_ANALYSIS = YES;
				CLANG_WARN_STRICT_PROTOTYPES = YES;
				CLANG_WARN_SUSPICIOUS_MOVE = YES;
				CLANG_WARN_UNGUARDED_AVAILABILITY = YES_AGGRESSIVE;
				CLANG_WARN_UNREACHABLE_CODE = YES;
				CLANG_WARN__DUPLICATE_METHOD_MATCH = YES;
				COPY_PHASE_STRIP = NO;
				DEBUG_INFORMATION_FORMAT = dwarf;
				ENABLE_STRICT_OBJC_MSGSEND = YES;
				ENABLE_TESTABILITY = YES;
				ENABLE_USER_SCRIPT_SANDBOXING = YES;
				GCC_C_LANGUAGE_STANDARD = gnu11;
				GCC_DYNAMIC_NO_PIC = NO;
				GCC_NO_COMMON_BLOCKS = YES;
				GCC_OPTIMIZATION_LEVEL = 0;
				GCC_PREPROCESSOR_DEFINITIONS = (
					"DEBUG=1",
					"$(inherited)",
				);
				GCC_WARN_64_TO_32_BIT_CONVERSION = YES;
				GCC_WARN_ABOUT_RETURN_TYPE = YES_ERROR;
				GCC_WARN_UNDECLARED_SELECTOR = YES;
				GCC_WARN_UNINITIALIZED_AUTOS = YES_AGGRESSIVE;
				GCC_WARN_UNUSED_FUNCTION = YES;
				GCC_WARN_UNUSED_VARIABLE = YES;
				IPHONEOS_DEPLOYMENT_TARGET = 14.5;
				MTL_ENABLE_DEBUG_INFO = INCLUDE_SOURCE;
				MTL_FAST_MATH = YES;
				ONLY_ACTIVE_ARCH = YES;
				SDKROOT = iphoneos;
				SWIFT_ACTIVE_COMPILATION_CONDITIONS = DEBUG;
				SWIFT_OPTIMIZATION_LEVEL = "-Onone";
			};
			name = Debug;
		};
		CED9EB0D2B6E4BBB0065FE23 /* Release */ = {
			isa = XCBuildConfiguration;
			buildSettings = {
				ALWAYS_SEARCH_USER_PATHS = NO;
				CLANG_ANALYZER_LOCALIZABILITY_NONLOCALIZED = YES;
				CLANG_ANALYZER_NONNULL = YES;
				CLANG_ANALYZER_NUMBER_OBJECT_CONVERSION = YES_AGGRESSIVE;
				CLANG_CXX_LANGUAGE_STANDARD = "gnu++14";
				CLANG_CXX_LIBRARY = "libc++";
				CLANG_ENABLE_MODULES = YES;
				CLANG_ENABLE_OBJC_ARC = YES;
				CLANG_ENABLE_OBJC_WEAK = YES;
				CLANG_WARN_BLOCK_CAPTURE_AUTORELEASING = YES;
				CLANG_WARN_BOOL_CONVERSION = YES;
				CLANG_WARN_COMMA = YES;
				CLANG_WARN_CONSTANT_CONVERSION = YES;
				CLANG_WARN_DEPRECATED_OBJC_IMPLEMENTATIONS = YES;
				CLANG_WARN_DIRECT_OBJC_ISA_USAGE = YES_ERROR;
				CLANG_WARN_DOCUMENTATION_COMMENTS = YES;
				CLANG_WARN_EMPTY_BODY = YES;
				CLANG_WARN_ENUM_CONVERSION = YES;
				CLANG_WARN_INFINITE_RECURSION = YES;
				CLANG_WARN_INT_CONVERSION = YES;
				CLANG_WARN_NON_LITERAL_NULL_CONVERSION = YES;
				CLANG_WARN_OBJC_IMPLICIT_RETAIN_SELF = YES;
				CLANG_WARN_OBJC_LITERAL_CONVERSION = YES;
				CLANG_WARN_OBJC_ROOT_CLASS = YES_ERROR;
				CLANG_WARN_QUOTED_INCLUDE_IN_FRAMEWORK_HEADER = YES;
				CLANG_WARN_RANGE_LOOP_ANALYSIS = YES;
				CLANG_WARN_STRICT_PROTOTYPES = YES;
				CLANG_WARN_SUSPICIOUS_MOVE = YES;
				CLANG_WARN_UNGUARDED_AVAILABILITY = YES_AGGRESSIVE;
				CLANG_WARN_UNREACHABLE_CODE = YES;
				CLANG_WARN__DUPLICATE_METHOD_MATCH = YES;
				COPY_PHASE_STRIP = NO;
				DEBUG_INFORMATION_FORMAT = "dwarf-with-dsym";
				ENABLE_NS_ASSERTIONS = NO;
				ENABLE_STRICT_OBJC_MSGSEND = YES;
				ENABLE_USER_SCRIPT_SANDBOXING = YES;
				GCC_C_LANGUAGE_STANDARD = gnu11;
				GCC_NO_COMMON_BLOCKS = YES;
				GCC_WARN_64_TO_32_BIT_CONVERSION = YES;
				GCC_WARN_ABOUT_RETURN_TYPE = YES_ERROR;
				GCC_WARN_UNDECLARED_SELECTOR = YES;
				GCC_WARN_UNINITIALIZED_AUTOS = YES_AGGRESSIVE;
				GCC_WARN_UNUSED_FUNCTION = YES;
				GCC_WARN_UNUSED_VARIABLE = YES;
				IPHONEOS_DEPLOYMENT_TARGET = 14.5;
				MTL_ENABLE_DEBUG_INFO = NO;
				MTL_FAST_MATH = YES;
				SDKROOT = iphoneos;
				SWIFT_COMPILATION_MODE = wholemodule;
				SWIFT_OPTIMIZATION_LEVEL = "-O";
				VALIDATE_PRODUCT = YES;
			};
			name = Release;
		};
		CED9EB0F2B6E4BBB0065FE23 /* Debug */ = {
			isa = XCBuildConfiguration;
			buildSettings = {
				ASSETCATALOG_COMPILER_APPICON_NAME = AppIcon;
				ASSETCATALOG_COMPILER_GLOBAL_ACCENT_COLOR_NAME = AccentColor;
				CODE_SIGN_STYLE = Automatic;
				DEVELOPMENT_TEAM = GX444RV9BG;
				INFOPLIST_FILE = "WorkoutApp(pet)/Info.plist";
				IPHONEOS_DEPLOYMENT_TARGET = 14.5;
				LD_RUNPATH_SEARCH_PATHS = (
					"$(inherited)",
					"@executable_path/Frameworks",
				);
				PRODUCT_BUNDLE_IDENTIFIER = "Ru.WorkoutApp-pet-";
				PRODUCT_NAME = "$(TARGET_NAME)";
				SWIFT_VERSION = 5.0;
				TARGETED_DEVICE_FAMILY = 1;
			};
			name = Debug;
		};
		CED9EB102B6E4BBB0065FE23 /* Release */ = {
			isa = XCBuildConfiguration;
			buildSettings = {
				ASSETCATALOG_COMPILER_APPICON_NAME = AppIcon;
				ASSETCATALOG_COMPILER_GLOBAL_ACCENT_COLOR_NAME = AccentColor;
				CODE_SIGN_STYLE = Automatic;
				DEVELOPMENT_TEAM = GX444RV9BG;
				INFOPLIST_FILE = "WorkoutApp(pet)/Info.plist";
				IPHONEOS_DEPLOYMENT_TARGET = 14.5;
				LD_RUNPATH_SEARCH_PATHS = (
					"$(inherited)",
					"@executable_path/Frameworks",
				);
				PRODUCT_BUNDLE_IDENTIFIER = "Ru.WorkoutApp-pet-";
				PRODUCT_NAME = "$(TARGET_NAME)";
				SWIFT_VERSION = 5.0;
				TARGETED_DEVICE_FAMILY = 1;
			};
			name = Release;
		};
/* End XCBuildConfiguration section */

/* Begin XCConfigurationList section */
		CED9EAF52B6E4BB80065FE23 /* Build configuration list for PBXProject "WorkoutApp(pet)" */ = {
			isa = XCConfigurationList;
			buildConfigurations = (
				CED9EB0C2B6E4BBB0065FE23 /* Debug */,
				CED9EB0D2B6E4BBB0065FE23 /* Release */,
			);
			defaultConfigurationIsVisible = 0;
			defaultConfigurationName = Release;
		};
		CED9EB0E2B6E4BBB0065FE23 /* Build configuration list for PBXNativeTarget "WorkoutApp(pet)" */ = {
			isa = XCConfigurationList;
			buildConfigurations = (
				CED9EB0F2B6E4BBB0065FE23 /* Debug */,
				CED9EB102B6E4BBB0065FE23 /* Release */,
			);
			defaultConfigurationIsVisible = 0;
			defaultConfigurationName = Release;
		};
/* End XCConfigurationList section */

/* Begin XCRemoteSwiftPackageReference section */
		8A3A723B2C3716E30066A743 /* XCRemoteSwiftPackageReference "firebase-ios-sdk" */ = {
			isa = XCRemoteSwiftPackageReference;
			repositoryURL = "https://github.com/firebase/firebase-ios-sdk";
			requirement = {
				kind = upToNextMajorVersion;
				minimumVersion = 10.28.1;
			};
		};
/* End XCRemoteSwiftPackageReference section */

/* Begin XCSwiftPackageProductDependency section */
		8A3A723C2C3716E30066A743 /* FirebaseAppCheck */ = {
			isa = XCSwiftPackageProductDependency;
			package = 8A3A723B2C3716E30066A743 /* XCRemoteSwiftPackageReference "firebase-ios-sdk" */;
			productName = FirebaseAppCheck;
		};
		8A3A723E2C3716E30066A743 /* FirebaseAuth */ = {
			isa = XCSwiftPackageProductDependency;
			package = 8A3A723B2C3716E30066A743 /* XCRemoteSwiftPackageReference "firebase-ios-sdk" */;
			productName = FirebaseAuth;
		};
		8A3A72402C3716E30066A743 /* FirebaseDatabase */ = {
			isa = XCSwiftPackageProductDependency;
			package = 8A3A723B2C3716E30066A743 /* XCRemoteSwiftPackageReference "firebase-ios-sdk" */;
			productName = FirebaseDatabase;
		};
		8A3A72422C3716E30066A743 /* FirebaseFirestore */ = {
			isa = XCSwiftPackageProductDependency;
			package = 8A3A723B2C3716E30066A743 /* XCRemoteSwiftPackageReference "firebase-ios-sdk" */;
			productName = FirebaseFirestore;
		};
		8A3A72442C3716E30066A743 /* FirebaseFirestoreSwift */ = {
			isa = XCSwiftPackageProductDependency;
			package = 8A3A723B2C3716E30066A743 /* XCRemoteSwiftPackageReference "firebase-ios-sdk" */;
			productName = FirebaseFirestoreSwift;
		};
		8A3A72462C3716E30066A743 /* FirebaseStorage */ = {
			isa = XCSwiftPackageProductDependency;
			package = 8A3A723B2C3716E30066A743 /* XCRemoteSwiftPackageReference "firebase-ios-sdk" */;
			productName = FirebaseStorage;
		};
/* End XCSwiftPackageProductDependency section */
	};
	rootObject = CED9EAF22B6E4BB80065FE23 /* Project object */;
}
