// !$*UTF8*$!
{
	archiveVersion = 1;
	classes = {
	};
	objectVersion = 50;
	objects = {

/* Begin PBXBuildFile section */
		CE00CCDA2B922DAB001E1E8B /* ExerciseNameLabel.swift in Sources */ = {isa = PBXBuildFile; fileRef = CE00CCD92B922DAB001E1E8B /* ExerciseNameLabel.swift */; };
		CE00CCDC2B922DB7001E1E8B /* ExerciseTypeLabel.swift in Sources */ = {isa = PBXBuildFile; fileRef = CE00CCDB2B922DB7001E1E8B /* ExerciseTypeLabel.swift */; };
		CE00CCDE2B922DC8001E1E8B /* EquipmentLabel.swift in Sources */ = {isa = PBXBuildFile; fileRef = CE00CCDD2B922DC8001E1E8B /* EquipmentLabel.swift */; };
		CE00CCE02B922DDA001E1E8B /* DifficultyLabel.swift in Sources */ = {isa = PBXBuildFile; fileRef = CE00CCDF2B922DDA001E1E8B /* DifficultyLabel.swift */; };
		CE00CCE22B922DE6001E1E8B /* InstructionsLabel.swift in Sources */ = {isa = PBXBuildFile; fileRef = CE00CCE12B922DE6001E1E8B /* InstructionsLabel.swift */; };
		CE00CCE42B9232C1001E1E8B /* ExerciseInfoViewModel.swift in Sources */ = {isa = PBXBuildFile; fileRef = CE00CCE32B9232C1001E1E8B /* ExerciseInfoViewModel.swift */; };
		CE00CCE62B923763001E1E8B /* MuscleLabel.swift in Sources */ = {isa = PBXBuildFile; fileRef = CE00CCE52B923763001E1E8B /* MuscleLabel.swift */; };
		CE00CCE92B974AC4001E1E8B /* TrainNotesView.swift in Sources */ = {isa = PBXBuildFile; fileRef = CE00CCE82B974AC4001E1E8B /* TrainNotesView.swift */; };
		CE00CCEB2B974ACD001E1E8B /* FoodNotesView.swift in Sources */ = {isa = PBXBuildFile; fileRef = CE00CCEA2B974ACD001E1E8B /* FoodNotesView.swift */; };
		CE00CCED2B977C70001E1E8B /* TrainTableView.swift in Sources */ = {isa = PBXBuildFile; fileRef = CE00CCEC2B977C70001E1E8B /* TrainTableView.swift */; };
		CE1A8BBF2B822F2D00ACB21C /* Exercise.swift in Sources */ = {isa = PBXBuildFile; fileRef = CE1A8BBE2B822F2D00ACB21C /* Exercise.swift */; };
		CE1A8BC32B8256C000ACB21C /* NetworkService.swift in Sources */ = {isa = PBXBuildFile; fileRef = CE1A8BC22B8256C000ACB21C /* NetworkService.swift */; };
		CE1A8BC52B82644D00ACB21C /* ExerciseViewModel.swift in Sources */ = {isa = PBXBuildFile; fileRef = CE1A8BC42B82644D00ACB21C /* ExerciseViewModel.swift */; };
		CE1A8BC72B826BC800ACB21C /* ExerciseCell.swift in Sources */ = {isa = PBXBuildFile; fileRef = CE1A8BC62B826BC800ACB21C /* ExerciseCell.swift */; };
		CE1A8BD02B87DC7700ACB21C /* ProfilePhotoView.swift in Sources */ = {isa = PBXBuildFile; fileRef = CE1A8BCF2B87DC7700ACB21C /* ProfilePhotoView.swift */; };
		CE1A8BD22B87E60200ACB21C /* PhotoLabel.swift in Sources */ = {isa = PBXBuildFile; fileRef = CE1A8BD12B87E60200ACB21C /* PhotoLabel.swift */; };
		CE1A8BD52B87E62500ACB21C /* NameLabel.swift in Sources */ = {isa = PBXBuildFile; fileRef = CE1A8BD42B87E62500ACB21C /* NameLabel.swift */; };
		CE1A8BD72B87E63000ACB21C /* GenderLabel.swift in Sources */ = {isa = PBXBuildFile; fileRef = CE1A8BD62B87E63000ACB21C /* GenderLabel.swift */; };
		CE1A8BD92B87E63800ACB21C /* AgeLabel.swift in Sources */ = {isa = PBXBuildFile; fileRef = CE1A8BD82B87E63800ACB21C /* AgeLabel.swift */; };
		CE1A8BDB2B87E64500ACB21C /* WeightLabel.swift in Sources */ = {isa = PBXBuildFile; fileRef = CE1A8BDA2B87E64500ACB21C /* WeightLabel.swift */; };
		CE1A8BDD2B87E64E00ACB21C /* HeightLabel.swift in Sources */ = {isa = PBXBuildFile; fileRef = CE1A8BDC2B87E64E00ACB21C /* HeightLabel.swift */; };
		CE1A8BDF2B87E65C00ACB21C /* BMILabel.swift in Sources */ = {isa = PBXBuildFile; fileRef = CE1A8BDE2B87E65C00ACB21C /* BMILabel.swift */; };
		CE1A8BE12B87E67900ACB21C /* BMIDescriptionLabel.swift in Sources */ = {isa = PBXBuildFile; fileRef = CE1A8BE02B87E67900ACB21C /* BMIDescriptionLabel.swift */; };
		CE8D50E42B8894F300A14719 /* EditProfileViewController.swift in Sources */ = {isa = PBXBuildFile; fileRef = CE8D50E32B8894F300A14719 /* EditProfileViewController.swift */; };
		CE8D50E72B88985900A14719 /* EditProfileScreenRouter.swift in Sources */ = {isa = PBXBuildFile; fileRef = CE8D50E62B88985900A14719 /* EditProfileScreenRouter.swift */; };
		CE8D50E92B88986800A14719 /* EditProfileScreenAssembler.swift in Sources */ = {isa = PBXBuildFile; fileRef = CE8D50E82B88986800A14719 /* EditProfileScreenAssembler.swift */; };
		CE8D50EF2B88E53400A14719 /* AgeTextField.swift in Sources */ = {isa = PBXBuildFile; fileRef = CE8D50EE2B88E53400A14719 /* AgeTextField.swift */; };
		CE8D50F12B88E9EF00A14719 /* WeightTextField.swift in Sources */ = {isa = PBXBuildFile; fileRef = CE8D50F02B88E9EF00A14719 /* WeightTextField.swift */; };
		CE8D50F32B88EA7400A14719 /* HeightTextField.swift in Sources */ = {isa = PBXBuildFile; fileRef = CE8D50F22B88EA7400A14719 /* HeightTextField.swift */; };
		CE8D50F52B8A35BB00A14719 /* GenderSegmentController.swift in Sources */ = {isa = PBXBuildFile; fileRef = CE8D50F42B8A35BB00A14719 /* GenderSegmentController.swift */; };
		CE8D50F72B8A40BD00A14719 /* SelectPhotoButton.swift in Sources */ = {isa = PBXBuildFile; fileRef = CE8D50F62B8A40BD00A14719 /* SelectPhotoButton.swift */; };
		CEAA4EC82B8D09C70004F369 /* ExerciseInfoController.swift in Sources */ = {isa = PBXBuildFile; fileRef = CEAA4EC72B8D09C70004F369 /* ExerciseInfoController.swift */; };
		CEAC7E032B81F2FE00AF05CD /* ProfileScreenViewController.swift in Sources */ = {isa = PBXBuildFile; fileRef = CEAC7E022B81F2FE00AF05CD /* ProfileScreenViewController.swift */; };
		CEAC7E052B81F3C800AF05CD /* HomeAssembler.swift in Sources */ = {isa = PBXBuildFile; fileRef = CEAC7E042B81F3C800AF05CD /* HomeAssembler.swift */; };
		CEAC7E072B81F3D300AF05CD /* HomeRouter.swift in Sources */ = {isa = PBXBuildFile; fileRef = CEAC7E062B81F3D300AF05CD /* HomeRouter.swift */; };
		CEAC7E092B81F3ED00AF05CD /* ProgressAssembler.swift in Sources */ = {isa = PBXBuildFile; fileRef = CEAC7E082B81F3ED00AF05CD /* ProgressAssembler.swift */; };
		CEAC7E0B2B81F3FD00AF05CD /* ProgressRouter.swift in Sources */ = {isa = PBXBuildFile; fileRef = CEAC7E0A2B81F3FD00AF05CD /* ProgressRouter.swift */; };
		CEAC7E0D2B81F40D00AF05CD /* NotesAssembler.swift in Sources */ = {isa = PBXBuildFile; fileRef = CEAC7E0C2B81F40D00AF05CD /* NotesAssembler.swift */; };
		CEAC7E0F2B81F41600AF05CD /* NotesRouter.swift in Sources */ = {isa = PBXBuildFile; fileRef = CEAC7E0E2B81F41600AF05CD /* NotesRouter.swift */; };
		CEAC7E112B81F42900AF05CD /* ProfileAssembler.swift in Sources */ = {isa = PBXBuildFile; fileRef = CEAC7E102B81F42900AF05CD /* ProfileAssembler.swift */; };
		CEAC7E132B81F43700AF05CD /* ProfileRouter.swift in Sources */ = {isa = PBXBuildFile; fileRef = CEAC7E122B81F43700AF05CD /* ProfileRouter.swift */; };
		CEAC7E152B81F46500AF05CD /* AuthorisationAssembler.swift in Sources */ = {isa = PBXBuildFile; fileRef = CEAC7E142B81F46500AF05CD /* AuthorisationAssembler.swift */; };
		CEAC7E172B81F47100AF05CD /* AutoristaionRouter.swift in Sources */ = {isa = PBXBuildFile; fileRef = CEAC7E162B81F47100AF05CD /* AutoristaionRouter.swift */; };
		CEAC7E192B81F6CE00AF05CD /* TabAssembler.swift in Sources */ = {isa = PBXBuildFile; fileRef = CEAC7E182B81F6CE00AF05CD /* TabAssembler.swift */; };
		CEAC7E1B2B81F6D900AF05CD /* TabRouter.swift in Sources */ = {isa = PBXBuildFile; fileRef = CEAC7E1A2B81F6D900AF05CD /* TabRouter.swift */; };
		CED9EAFE2B6E4BB80065FE23 /* AppDelegate.swift in Sources */ = {isa = PBXBuildFile; fileRef = CED9EAFD2B6E4BB80065FE23 /* AppDelegate.swift */; };
		CED9EB002B6E4BB80065FE23 /* SceneDelegate.swift in Sources */ = {isa = PBXBuildFile; fileRef = CED9EAFF2B6E4BB80065FE23 /* SceneDelegate.swift */; };
		CED9EB022B6E4BB80065FE23 /* WelcomeViewController.swift in Sources */ = {isa = PBXBuildFile; fileRef = CED9EB012B6E4BB80065FE23 /* WelcomeViewController.swift */; };
		CED9EB072B6E4BBB0065FE23 /* Assets.xcassets in Resources */ = {isa = PBXBuildFile; fileRef = CED9EB062B6E4BBB0065FE23 /* Assets.xcassets */; };
		CED9EB0A2B6E4BBB0065FE23 /* LaunchScreen.storyboard in Resources */ = {isa = PBXBuildFile; fileRef = CED9EB082B6E4BBB0065FE23 /* LaunchScreen.storyboard */; };
		CED9EB132B6E4CAD0065FE23 /* WelcomeRouter.swift in Sources */ = {isa = PBXBuildFile; fileRef = CED9EB122B6E4CAD0065FE23 /* WelcomeRouter.swift */; };
		CED9EB172B6E4D240065FE23 /* UIColor.swift in Sources */ = {isa = PBXBuildFile; fileRef = CED9EB162B6E4D240065FE23 /* UIColor.swift */; };
		CED9EB192B6E4D5C0065FE23 /* Resources.swift in Sources */ = {isa = PBXBuildFile; fileRef = CED9EB182B6E4D5C0065FE23 /* Resources.swift */; };
		CED9EB1F2B6E4E1A0065FE23 /* SignUpButton.swift in Sources */ = {isa = PBXBuildFile; fileRef = CED9EB1E2B6E4E1A0065FE23 /* SignUpButton.swift */; };
		CED9EB222B6E4E680065FE23 /* RegistrationViewController.swift in Sources */ = {isa = PBXBuildFile; fileRef = CED9EB212B6E4E680065FE23 /* RegistrationViewController.swift */; };
		CED9EB252B6E70430065FE23 /* SignInButton.swift in Sources */ = {isa = PBXBuildFile; fileRef = CED9EB242B6E70430065FE23 /* SignInButton.swift */; };
		CED9EB272B6E72C80065FE23 /* WelcomeAssembler.swift in Sources */ = {isa = PBXBuildFile; fileRef = CED9EB262B6E72C80065FE23 /* WelcomeAssembler.swift */; };
		CED9EB292B6E796E0065FE23 /* MainLogo.swift in Sources */ = {isa = PBXBuildFile; fileRef = CED9EB282B6E796E0065FE23 /* MainLogo.swift */; };
		CED9EB2B2B6E7AE10065FE23 /* SignInLabel.swift in Sources */ = {isa = PBXBuildFile; fileRef = CED9EB2A2B6E7AE10065FE23 /* SignInLabel.swift */; };
		CED9EB332B6E8B6E0065FE23 /* RegistrationLabel.swift in Sources */ = {isa = PBXBuildFile; fileRef = CED9EB322B6E8B6E0065FE23 /* RegistrationLabel.swift */; };
		CED9EB352B6FCC610065FE23 /* NameTextField.swift in Sources */ = {isa = PBXBuildFile; fileRef = CED9EB342B6FCC610065FE23 /* NameTextField.swift */; };
		CED9EB372B6FD4A20065FE23 /* LastNameTextField.swift in Sources */ = {isa = PBXBuildFile; fileRef = CED9EB362B6FD4A20065FE23 /* LastNameTextField.swift */; };
		CED9EB392B6FD5460065FE23 /* EmailTextField.swift in Sources */ = {isa = PBXBuildFile; fileRef = CED9EB382B6FD5450065FE23 /* EmailTextField.swift */; };
		CED9EB3B2B700CD20065FE23 /* PasswordTextField.swift in Sources */ = {isa = PBXBuildFile; fileRef = CED9EB3A2B700CD20065FE23 /* PasswordTextField.swift */; };
		CED9EB3D2B700CF30065FE23 /* ConfirmPasswordTextField.swift in Sources */ = {isa = PBXBuildFile; fileRef = CED9EB3C2B700CF30065FE23 /* ConfirmPasswordTextField.swift */; };
		CED9EB402B7011970065FE23 /* AuthorisationViewController.swift in Sources */ = {isa = PBXBuildFile; fileRef = CED9EB3F2B7011970065FE23 /* AuthorisationViewController.swift */; };
		CED9EB442B7015AF0065FE23 /* LogInEmailTextField.swift in Sources */ = {isa = PBXBuildFile; fileRef = CED9EB432B7015AF0065FE23 /* LogInEmailTextField.swift */; };
		CED9EB472B71130C0065FE23 /* LogInPasswordTextField.swift in Sources */ = {isa = PBXBuildFile; fileRef = CED9EB462B71130C0065FE23 /* LogInPasswordTextField.swift */; };
		CED9EB492B7146760065FE23 /* UIView.swift in Sources */ = {isa = PBXBuildFile; fileRef = CED9EB482B7146760065FE23 /* UIView.swift */; };
		CED9EB4D2B715A1A0065FE23 /* ExerciseScreenViewController.swift in Sources */ = {isa = PBXBuildFile; fileRef = CED9EB4C2B715A1A0065FE23 /* ExerciseScreenViewController.swift */; };
		CED9EB4F2B715A520065FE23 /* RegistrationRouter.swift in Sources */ = {isa = PBXBuildFile; fileRef = CED9EB4E2B715A520065FE23 /* RegistrationRouter.swift */; };
		CED9EB522B715A870065FE23 /* RegistrationAssembler.swift in Sources */ = {isa = PBXBuildFile; fileRef = CED9EB512B715A870065FE23 /* RegistrationAssembler.swift */; };
		CED9EB552B715DCA0065FE23 /* AuthSignInButton.swift in Sources */ = {isa = PBXBuildFile; fileRef = CED9EB542B715DCA0065FE23 /* AuthSignInButton.swift */; };
		CED9EB632B7258DD0065FE23 /* TabController.swift in Sources */ = {isa = PBXBuildFile; fileRef = CED9EB622B7258DD0065FE23 /* TabController.swift */; };
		CED9EB6A2B7259BB0065FE23 /* NotesScreenViewController.swift in Sources */ = {isa = PBXBuildFile; fileRef = CED9EB692B7259BB0065FE23 /* NotesScreenViewController.swift */; };
		CED9EB6C2B7259DE0065FE23 /* ProgressScreenViewController.swift in Sources */ = {isa = PBXBuildFile; fileRef = CED9EB6B2B7259DE0065FE23 /* ProgressScreenViewController.swift */; };
/* End PBXBuildFile section */

/* Begin PBXFileReference section */
		CE00CCD92B922DAB001E1E8B /* ExerciseNameLabel.swift */ = {isa = PBXFileReference; lastKnownFileType = sourcecode.swift; path = ExerciseNameLabel.swift; sourceTree = "<group>"; };
		CE00CCDB2B922DB7001E1E8B /* ExerciseTypeLabel.swift */ = {isa = PBXFileReference; lastKnownFileType = sourcecode.swift; path = ExerciseTypeLabel.swift; sourceTree = "<group>"; };
		CE00CCDD2B922DC8001E1E8B /* EquipmentLabel.swift */ = {isa = PBXFileReference; lastKnownFileType = sourcecode.swift; path = EquipmentLabel.swift; sourceTree = "<group>"; };
		CE00CCDF2B922DDA001E1E8B /* DifficultyLabel.swift */ = {isa = PBXFileReference; lastKnownFileType = sourcecode.swift; path = DifficultyLabel.swift; sourceTree = "<group>"; };
		CE00CCE12B922DE6001E1E8B /* InstructionsLabel.swift */ = {isa = PBXFileReference; lastKnownFileType = sourcecode.swift; path = InstructionsLabel.swift; sourceTree = "<group>"; };
		CE00CCE32B9232C1001E1E8B /* ExerciseInfoViewModel.swift */ = {isa = PBXFileReference; lastKnownFileType = sourcecode.swift; path = ExerciseInfoViewModel.swift; sourceTree = "<group>"; };
		CE00CCE52B923763001E1E8B /* MuscleLabel.swift */ = {isa = PBXFileReference; lastKnownFileType = sourcecode.swift; path = MuscleLabel.swift; sourceTree = "<group>"; };
		CE00CCE82B974AC4001E1E8B /* TrainNotesView.swift */ = {isa = PBXFileReference; lastKnownFileType = sourcecode.swift; path = TrainNotesView.swift; sourceTree = "<group>"; };
		CE00CCEA2B974ACD001E1E8B /* FoodNotesView.swift */ = {isa = PBXFileReference; lastKnownFileType = sourcecode.swift; path = FoodNotesView.swift; sourceTree = "<group>"; };
		CE00CCEC2B977C70001E1E8B /* TrainTableView.swift */ = {isa = PBXFileReference; lastKnownFileType = sourcecode.swift; path = TrainTableView.swift; sourceTree = "<group>"; };
		CE1A8BBE2B822F2D00ACB21C /* Exercise.swift */ = {isa = PBXFileReference; lastKnownFileType = sourcecode.swift; path = Exercise.swift; sourceTree = "<group>"; };
		CE1A8BC22B8256C000ACB21C /* NetworkService.swift */ = {isa = PBXFileReference; lastKnownFileType = sourcecode.swift; path = NetworkService.swift; sourceTree = "<group>"; };
		CE1A8BC42B82644D00ACB21C /* ExerciseViewModel.swift */ = {isa = PBXFileReference; lastKnownFileType = sourcecode.swift; path = ExerciseViewModel.swift; sourceTree = "<group>"; };
		CE1A8BC62B826BC800ACB21C /* ExerciseCell.swift */ = {isa = PBXFileReference; lastKnownFileType = sourcecode.swift; path = ExerciseCell.swift; sourceTree = "<group>"; };
		CE1A8BCF2B87DC7700ACB21C /* ProfilePhotoView.swift */ = {isa = PBXFileReference; lastKnownFileType = sourcecode.swift; path = ProfilePhotoView.swift; sourceTree = "<group>"; };
		CE1A8BD12B87E60200ACB21C /* PhotoLabel.swift */ = {isa = PBXFileReference; lastKnownFileType = sourcecode.swift; path = PhotoLabel.swift; sourceTree = "<group>"; };
		CE1A8BD42B87E62500ACB21C /* NameLabel.swift */ = {isa = PBXFileReference; lastKnownFileType = sourcecode.swift; path = NameLabel.swift; sourceTree = "<group>"; };
		CE1A8BD62B87E63000ACB21C /* GenderLabel.swift */ = {isa = PBXFileReference; lastKnownFileType = sourcecode.swift; path = GenderLabel.swift; sourceTree = "<group>"; };
		CE1A8BD82B87E63800ACB21C /* AgeLabel.swift */ = {isa = PBXFileReference; lastKnownFileType = sourcecode.swift; path = AgeLabel.swift; sourceTree = "<group>"; };
		CE1A8BDA2B87E64500ACB21C /* WeightLabel.swift */ = {isa = PBXFileReference; lastKnownFileType = sourcecode.swift; path = WeightLabel.swift; sourceTree = "<group>"; };
		CE1A8BDC2B87E64E00ACB21C /* HeightLabel.swift */ = {isa = PBXFileReference; lastKnownFileType = sourcecode.swift; path = HeightLabel.swift; sourceTree = "<group>"; };
		CE1A8BDE2B87E65C00ACB21C /* BMILabel.swift */ = {isa = PBXFileReference; lastKnownFileType = sourcecode.swift; path = BMILabel.swift; sourceTree = "<group>"; };
		CE1A8BE02B87E67900ACB21C /* BMIDescriptionLabel.swift */ = {isa = PBXFileReference; lastKnownFileType = sourcecode.swift; path = BMIDescriptionLabel.swift; sourceTree = "<group>"; };
		CE8D50E32B8894F300A14719 /* EditProfileViewController.swift */ = {isa = PBXFileReference; lastKnownFileType = sourcecode.swift; path = EditProfileViewController.swift; sourceTree = "<group>"; };
		CE8D50E62B88985900A14719 /* EditProfileScreenRouter.swift */ = {isa = PBXFileReference; lastKnownFileType = sourcecode.swift; path = EditProfileScreenRouter.swift; sourceTree = "<group>"; };
		CE8D50E82B88986800A14719 /* EditProfileScreenAssembler.swift */ = {isa = PBXFileReference; lastKnownFileType = sourcecode.swift; path = EditProfileScreenAssembler.swift; sourceTree = "<group>"; };
		CE8D50EE2B88E53400A14719 /* AgeTextField.swift */ = {isa = PBXFileReference; lastKnownFileType = sourcecode.swift; path = AgeTextField.swift; sourceTree = "<group>"; };
		CE8D50F02B88E9EF00A14719 /* WeightTextField.swift */ = {isa = PBXFileReference; lastKnownFileType = sourcecode.swift; path = WeightTextField.swift; sourceTree = "<group>"; };
		CE8D50F22B88EA7400A14719 /* HeightTextField.swift */ = {isa = PBXFileReference; lastKnownFileType = sourcecode.swift; path = HeightTextField.swift; sourceTree = "<group>"; };
		CE8D50F42B8A35BB00A14719 /* GenderSegmentController.swift */ = {isa = PBXFileReference; lastKnownFileType = sourcecode.swift; path = GenderSegmentController.swift; sourceTree = "<group>"; };
		CE8D50F62B8A40BD00A14719 /* SelectPhotoButton.swift */ = {isa = PBXFileReference; lastKnownFileType = sourcecode.swift; path = SelectPhotoButton.swift; sourceTree = "<group>"; };
		CEAA4EC72B8D09C70004F369 /* ExerciseInfoController.swift */ = {isa = PBXFileReference; lastKnownFileType = sourcecode.swift; path = ExerciseInfoController.swift; sourceTree = "<group>"; };
		CEAC7E022B81F2FE00AF05CD /* ProfileScreenViewController.swift */ = {isa = PBXFileReference; lastKnownFileType = sourcecode.swift; path = ProfileScreenViewController.swift; sourceTree = "<group>"; };
		CEAC7E042B81F3C800AF05CD /* HomeAssembler.swift */ = {isa = PBXFileReference; lastKnownFileType = sourcecode.swift; path = HomeAssembler.swift; sourceTree = "<group>"; };
		CEAC7E062B81F3D300AF05CD /* HomeRouter.swift */ = {isa = PBXFileReference; lastKnownFileType = sourcecode.swift; path = HomeRouter.swift; sourceTree = "<group>"; };
		CEAC7E082B81F3ED00AF05CD /* ProgressAssembler.swift */ = {isa = PBXFileReference; lastKnownFileType = sourcecode.swift; path = ProgressAssembler.swift; sourceTree = "<group>"; };
		CEAC7E0A2B81F3FD00AF05CD /* ProgressRouter.swift */ = {isa = PBXFileReference; lastKnownFileType = sourcecode.swift; path = ProgressRouter.swift; sourceTree = "<group>"; };
		CEAC7E0C2B81F40D00AF05CD /* NotesAssembler.swift */ = {isa = PBXFileReference; lastKnownFileType = sourcecode.swift; name = NotesAssembler.swift; path = "WorkoutApp(pet)/NotesScreen/Navigation/NotesAssembler.swift"; sourceTree = SOURCE_ROOT; };
		CEAC7E0E2B81F41600AF05CD /* NotesRouter.swift */ = {isa = PBXFileReference; lastKnownFileType = sourcecode.swift; path = NotesRouter.swift; sourceTree = "<group>"; };
		CEAC7E102B81F42900AF05CD /* ProfileAssembler.swift */ = {isa = PBXFileReference; lastKnownFileType = sourcecode.swift; path = ProfileAssembler.swift; sourceTree = "<group>"; };
		CEAC7E122B81F43700AF05CD /* ProfileRouter.swift */ = {isa = PBXFileReference; lastKnownFileType = sourcecode.swift; path = ProfileRouter.swift; sourceTree = "<group>"; };
		CEAC7E142B81F46500AF05CD /* AuthorisationAssembler.swift */ = {isa = PBXFileReference; lastKnownFileType = sourcecode.swift; path = AuthorisationAssembler.swift; sourceTree = "<group>"; };
		CEAC7E162B81F47100AF05CD /* AutoristaionRouter.swift */ = {isa = PBXFileReference; lastKnownFileType = sourcecode.swift; path = AutoristaionRouter.swift; sourceTree = "<group>"; };
		CEAC7E182B81F6CE00AF05CD /* TabAssembler.swift */ = {isa = PBXFileReference; lastKnownFileType = sourcecode.swift; path = TabAssembler.swift; sourceTree = "<group>"; };
		CEAC7E1A2B81F6D900AF05CD /* TabRouter.swift */ = {isa = PBXFileReference; lastKnownFileType = sourcecode.swift; path = TabRouter.swift; sourceTree = "<group>"; };
		CED9EAFA2B6E4BB80065FE23 /* WorkoutApp(pet).app */ = {isa = PBXFileReference; explicitFileType = wrapper.application; includeInIndex = 0; path = "WorkoutApp(pet).app"; sourceTree = BUILT_PRODUCTS_DIR; };
		CED9EAFD2B6E4BB80065FE23 /* AppDelegate.swift */ = {isa = PBXFileReference; lastKnownFileType = sourcecode.swift; path = AppDelegate.swift; sourceTree = "<group>"; };
		CED9EAFF2B6E4BB80065FE23 /* SceneDelegate.swift */ = {isa = PBXFileReference; lastKnownFileType = sourcecode.swift; path = SceneDelegate.swift; sourceTree = "<group>"; };
		CED9EB012B6E4BB80065FE23 /* WelcomeViewController.swift */ = {isa = PBXFileReference; lastKnownFileType = sourcecode.swift; path = WelcomeViewController.swift; sourceTree = "<group>"; };
		CED9EB062B6E4BBB0065FE23 /* Assets.xcassets */ = {isa = PBXFileReference; lastKnownFileType = folder.assetcatalog; path = Assets.xcassets; sourceTree = "<group>"; };
		CED9EB092B6E4BBB0065FE23 /* Base */ = {isa = PBXFileReference; lastKnownFileType = file.storyboard; name = Base; path = Base.lproj/LaunchScreen.storyboard; sourceTree = "<group>"; };
		CED9EB0B2B6E4BBB0065FE23 /* Info.plist */ = {isa = PBXFileReference; lastKnownFileType = text.plist.xml; path = Info.plist; sourceTree = "<group>"; };
		CED9EB122B6E4CAD0065FE23 /* WelcomeRouter.swift */ = {isa = PBXFileReference; lastKnownFileType = sourcecode.swift; path = WelcomeRouter.swift; sourceTree = "<group>"; };
		CED9EB162B6E4D240065FE23 /* UIColor.swift */ = {isa = PBXFileReference; lastKnownFileType = sourcecode.swift; path = UIColor.swift; sourceTree = "<group>"; };
		CED9EB182B6E4D5C0065FE23 /* Resources.swift */ = {isa = PBXFileReference; lastKnownFileType = sourcecode.swift; path = Resources.swift; sourceTree = "<group>"; };
		CED9EB1E2B6E4E1A0065FE23 /* SignUpButton.swift */ = {isa = PBXFileReference; lastKnownFileType = sourcecode.swift; path = SignUpButton.swift; sourceTree = "<group>"; };
		CED9EB212B6E4E680065FE23 /* RegistrationViewController.swift */ = {isa = PBXFileReference; lastKnownFileType = sourcecode.swift; path = RegistrationViewController.swift; sourceTree = "<group>"; };
		CED9EB242B6E70430065FE23 /* SignInButton.swift */ = {isa = PBXFileReference; lastKnownFileType = sourcecode.swift; path = SignInButton.swift; sourceTree = "<group>"; };
		CED9EB262B6E72C80065FE23 /* WelcomeAssembler.swift */ = {isa = PBXFileReference; lastKnownFileType = sourcecode.swift; path = WelcomeAssembler.swift; sourceTree = "<group>"; };
		CED9EB282B6E796E0065FE23 /* MainLogo.swift */ = {isa = PBXFileReference; lastKnownFileType = sourcecode.swift; path = MainLogo.swift; sourceTree = "<group>"; };
		CED9EB2A2B6E7AE10065FE23 /* SignInLabel.swift */ = {isa = PBXFileReference; lastKnownFileType = sourcecode.swift; path = SignInLabel.swift; sourceTree = "<group>"; };
		CED9EB322B6E8B6E0065FE23 /* RegistrationLabel.swift */ = {isa = PBXFileReference; lastKnownFileType = sourcecode.swift; path = RegistrationLabel.swift; sourceTree = "<group>"; };
		CED9EB342B6FCC610065FE23 /* NameTextField.swift */ = {isa = PBXFileReference; lastKnownFileType = sourcecode.swift; path = NameTextField.swift; sourceTree = "<group>"; };
		CED9EB362B6FD4A20065FE23 /* LastNameTextField.swift */ = {isa = PBXFileReference; lastKnownFileType = sourcecode.swift; path = LastNameTextField.swift; sourceTree = "<group>"; };
		CED9EB382B6FD5450065FE23 /* EmailTextField.swift */ = {isa = PBXFileReference; lastKnownFileType = sourcecode.swift; path = EmailTextField.swift; sourceTree = "<group>"; };
		CED9EB3A2B700CD20065FE23 /* PasswordTextField.swift */ = {isa = PBXFileReference; lastKnownFileType = sourcecode.swift; path = PasswordTextField.swift; sourceTree = "<group>"; };
		CED9EB3C2B700CF30065FE23 /* ConfirmPasswordTextField.swift */ = {isa = PBXFileReference; lastKnownFileType = sourcecode.swift; path = ConfirmPasswordTextField.swift; sourceTree = "<group>"; };
		CED9EB3F2B7011970065FE23 /* AuthorisationViewController.swift */ = {isa = PBXFileReference; lastKnownFileType = sourcecode.swift; path = AuthorisationViewController.swift; sourceTree = "<group>"; };
		CED9EB432B7015AF0065FE23 /* LogInEmailTextField.swift */ = {isa = PBXFileReference; lastKnownFileType = sourcecode.swift; path = LogInEmailTextField.swift; sourceTree = "<group>"; };
		CED9EB462B71130C0065FE23 /* LogInPasswordTextField.swift */ = {isa = PBXFileReference; lastKnownFileType = sourcecode.swift; path = LogInPasswordTextField.swift; sourceTree = "<group>"; };
		CED9EB482B7146760065FE23 /* UIView.swift */ = {isa = PBXFileReference; lastKnownFileType = sourcecode.swift; path = UIView.swift; sourceTree = "<group>"; };
		CED9EB4C2B715A1A0065FE23 /* ExerciseScreenViewController.swift */ = {isa = PBXFileReference; lastKnownFileType = sourcecode.swift; path = ExerciseScreenViewController.swift; sourceTree = "<group>"; };
		CED9EB4E2B715A520065FE23 /* RegistrationRouter.swift */ = {isa = PBXFileReference; lastKnownFileType = sourcecode.swift; path = RegistrationRouter.swift; sourceTree = "<group>"; };
		CED9EB512B715A870065FE23 /* RegistrationAssembler.swift */ = {isa = PBXFileReference; lastKnownFileType = sourcecode.swift; path = RegistrationAssembler.swift; sourceTree = "<group>"; };
		CED9EB542B715DCA0065FE23 /* AuthSignInButton.swift */ = {isa = PBXFileReference; lastKnownFileType = sourcecode.swift; path = AuthSignInButton.swift; sourceTree = "<group>"; };
		CED9EB622B7258DD0065FE23 /* TabController.swift */ = {isa = PBXFileReference; lastKnownFileType = sourcecode.swift; path = TabController.swift; sourceTree = "<group>"; };
		CED9EB692B7259BB0065FE23 /* NotesScreenViewController.swift */ = {isa = PBXFileReference; lastKnownFileType = sourcecode.swift; path = NotesScreenViewController.swift; sourceTree = "<group>"; };
		CED9EB6B2B7259DE0065FE23 /* ProgressScreenViewController.swift */ = {isa = PBXFileReference; lastKnownFileType = sourcecode.swift; path = ProgressScreenViewController.swift; sourceTree = "<group>"; };
/* End PBXFileReference section */

/* Begin PBXFrameworksBuildPhase section */
		CED9EAF72B6E4BB80065FE23 /* Frameworks */ = {
			isa = PBXFrameworksBuildPhase;
			buildActionMask = 2147483647;
			files = (
			);
			runOnlyForDeploymentPostprocessing = 0;
		};
/* End PBXFrameworksBuildPhase section */

/* Begin PBXGroup section */
		CE00CCD82B922D8D001E1E8B /* Views */ = {
			isa = PBXGroup;
			children = (
				CE00CCD92B922DAB001E1E8B /* ExerciseNameLabel.swift */,
				CE00CCDB2B922DB7001E1E8B /* ExerciseTypeLabel.swift */,
				CE00CCE52B923763001E1E8B /* MuscleLabel.swift */,
				CE00CCDD2B922DC8001E1E8B /* EquipmentLabel.swift */,
				CE00CCDF2B922DDA001E1E8B /* DifficultyLabel.swift */,
				CE00CCE12B922DE6001E1E8B /* InstructionsLabel.swift */,
			);
			path = Views;
			sourceTree = "<group>";
		};
		CE00CCE72B974AAD001E1E8B /* Views */ = {
			isa = PBXGroup;
			children = (
				CE00CCE82B974AC4001E1E8B /* TrainNotesView.swift */,
				CE00CCEA2B974ACD001E1E8B /* FoodNotesView.swift */,
				CE00CCEC2B977C70001E1E8B /* TrainTableView.swift */,
			);
			path = Views;
			sourceTree = "<group>";
		};
		CE1A8BBA2B822EDB00ACB21C /* NetworkService */ = {
			isa = PBXGroup;
			children = (
				CE1A8BC22B8256C000ACB21C /* NetworkService.swift */,
			);
			path = NetworkService;
			sourceTree = "<group>";
		};
		CE1A8BBD2B822F1E00ACB21C /* Model */ = {
			isa = PBXGroup;
			children = (
				CE1A8BBE2B822F2D00ACB21C /* Exercise.swift */,
			);
			path = Model;
			sourceTree = "<group>";
		};
		CE1A8BC82B878EB700ACB21C /* Views */ = {
			isa = PBXGroup;
			children = (
				CE1A8BD32B87E60D00ACB21C /* ProfilePhotoView */,
				CE1A8BD42B87E62500ACB21C /* NameLabel.swift */,
				CE1A8BD62B87E63000ACB21C /* GenderLabel.swift */,
				CE1A8BD82B87E63800ACB21C /* AgeLabel.swift */,
				CE1A8BDA2B87E64500ACB21C /* WeightLabel.swift */,
				CE1A8BDC2B87E64E00ACB21C /* HeightLabel.swift */,
				CE1A8BDE2B87E65C00ACB21C /* BMILabel.swift */,
				CE1A8BE02B87E67900ACB21C /* BMIDescriptionLabel.swift */,
			);
			path = Views;
			sourceTree = "<group>";
		};
		CE1A8BCB2B87DBFD00ACB21C /* Views */ = {
			isa = PBXGroup;
			children = (
				CED9EB422B7012240065FE23 /* Buttons */,
				CED9EB412B7012160065FE23 /* TextFields */,
			);
			path = Views;
			sourceTree = "<group>";
		};
		CE1A8BCC2B87DC0900ACB21C /* Navigation */ = {
			isa = PBXGroup;
			children = (
				CEAC7E142B81F46500AF05CD /* AuthorisationAssembler.swift */,
				CEAC7E162B81F47100AF05CD /* AutoristaionRouter.swift */,
			);
			path = Navigation;
			sourceTree = "<group>";
		};
		CE1A8BCD2B87DC1700ACB21C /* Navigation */ = {
			isa = PBXGroup;
			children = (
				CEAC7E182B81F6CE00AF05CD /* TabAssembler.swift */,
				CEAC7E1A2B81F6D900AF05CD /* TabRouter.swift */,
			);
			path = Navigation;
			sourceTree = "<group>";
		};
		CE1A8BCE2B87DC3200ACB21C /* Navigation */ = {
			isa = PBXGroup;
			children = (
				CED9EB122B6E4CAD0065FE23 /* WelcomeRouter.swift */,
				CED9EB262B6E72C80065FE23 /* WelcomeAssembler.swift */,
			);
			path = Navigation;
			sourceTree = "<group>";
		};
		CE1A8BD32B87E60D00ACB21C /* ProfilePhotoView */ = {
			isa = PBXGroup;
			children = (
				CE1A8BCF2B87DC7700ACB21C /* ProfilePhotoView.swift */,
				CE1A8BD12B87E60200ACB21C /* PhotoLabel.swift */,
			);
			path = ProfilePhotoView;
			sourceTree = "<group>";
		};
		CE8D50E22B88939000A14719 /* EditProfileScreen */ = {
			isa = PBXGroup;
			children = (
				CE8D50EA2B88A0B600A14719 /* Views */,
				CE8D50E52B88984B00A14719 /* Navigation */,
				CE8D50E32B8894F300A14719 /* EditProfileViewController.swift */,
			);
			path = EditProfileScreen;
			sourceTree = "<group>";
		};
		CE8D50E52B88984B00A14719 /* Navigation */ = {
			isa = PBXGroup;
			children = (
				CE8D50E62B88985900A14719 /* EditProfileScreenRouter.swift */,
				CE8D50E82B88986800A14719 /* EditProfileScreenAssembler.swift */,
			);
			path = Navigation;
			sourceTree = "<group>";
		};
		CE8D50EA2B88A0B600A14719 /* Views */ = {
			isa = PBXGroup;
			children = (
				CE8D50EB2B88A0BD00A14719 /* TextFields */,
				CE8D50F42B8A35BB00A14719 /* GenderSegmentController.swift */,
				CE8D50F62B8A40BD00A14719 /* SelectPhotoButton.swift */,
			);
			path = Views;
			sourceTree = "<group>";
		};
		CE8D50EB2B88A0BD00A14719 /* TextFields */ = {
			isa = PBXGroup;
			children = (
				CE8D50EE2B88E53400A14719 /* AgeTextField.swift */,
				CE8D50F02B88E9EF00A14719 /* WeightTextField.swift */,
				CE8D50F22B88EA7400A14719 /* HeightTextField.swift */,
			);
			path = TextFields;
			sourceTree = "<group>";
		};
		CEAA4EC62B8CFBCD0004F369 /* ExerciseInfoScreen */ = {
			isa = PBXGroup;
			children = (
				CE00CCD82B922D8D001E1E8B /* Views */,
				CEAA4EC72B8D09C70004F369 /* ExerciseInfoController.swift */,
				CE00CCE32B9232C1001E1E8B /* ExerciseInfoViewModel.swift */,
			);
			path = ExerciseInfoScreen;
			sourceTree = "<group>";
		};
		CEAC7E012B81F27900AF05CD /* ProfileScreen */ = {
			isa = PBXGroup;
			children = (
				CE1A8BC82B878EB700ACB21C /* Views */,
				CEAC7E1F2B82255D00AF05CD /* Navigation */,
				CEAC7E022B81F2FE00AF05CD /* ProfileScreenViewController.swift */,
			);
			path = ProfileScreen;
			sourceTree = "<group>";
		};
		CEAC7E1C2B82253C00AF05CD /* Navigation */ = {
			isa = PBXGroup;
			children = (
				CEAC7E042B81F3C800AF05CD /* HomeAssembler.swift */,
				CEAC7E062B81F3D300AF05CD /* HomeRouter.swift */,
			);
			path = Navigation;
			sourceTree = "<group>";
		};
		CEAC7E1D2B82254700AF05CD /* Navigation */ = {
			isa = PBXGroup;
			children = (
				CEAC7E082B81F3ED00AF05CD /* ProgressAssembler.swift */,
				CEAC7E0A2B81F3FD00AF05CD /* ProgressRouter.swift */,
			);
			path = Navigation;
			sourceTree = "<group>";
		};
		CEAC7E1E2B82255200AF05CD /* Navigation */ = {
			isa = PBXGroup;
			children = (
				CEAC7E0C2B81F40D00AF05CD /* NotesAssembler.swift */,
				CEAC7E0E2B81F41600AF05CD /* NotesRouter.swift */,
			);
			path = Navigation;
			sourceTree = "<group>";
		};
		CEAC7E1F2B82255D00AF05CD /* Navigation */ = {
			isa = PBXGroup;
			children = (
				CEAC7E102B81F42900AF05CD /* ProfileAssembler.swift */,
				CEAC7E122B81F43700AF05CD /* ProfileRouter.swift */,
			);
			path = Navigation;
			sourceTree = "<group>";
		};
		CED9EAF12B6E4BB80065FE23 = {
			isa = PBXGroup;
			children = (
				CED9EAFC2B6E4BB80065FE23 /* WorkoutApp(pet) */,
				CED9EAFB2B6E4BB80065FE23 /* Products */,
			);
			sourceTree = "<group>";
		};
		CED9EAFB2B6E4BB80065FE23 /* Products */ = {
			isa = PBXGroup;
			children = (
				CED9EAFA2B6E4BB80065FE23 /* WorkoutApp(pet).app */,
			);
			name = Products;
			sourceTree = "<group>";
		};
		CED9EAFC2B6E4BB80065FE23 /* WorkoutApp(pet) */ = {
			isa = PBXGroup;
			children = (
				CE1A8BBA2B822EDB00ACB21C /* NetworkService */,
				CED9EB142B6E4CE70065FE23 /* Resources */,
				CED9EB1A2B6E4D6F0065FE23 /* Application */,
				CED9EB1B2B6E4DCA0065FE23 /* WelcomeScreen */,
				CED9EB202B6E4E480065FE23 /* RegistrationScreen */,
				CED9EB3E2B70112E0065FE23 /* AuthorisationScreen */,
				CED9EB612B7258B50065FE23 /* TabController */,
				CED9EB4B2B7159EC0065FE23 /* ExerciseScreen */,
				CEAA4EC62B8CFBCD0004F369 /* ExerciseInfoScreen */,
				CED9EB642B72594B0065FE23 /* ProgressScreen */,
				CED9EB652B7259560065FE23 /* NotesScreen */,
				CEAC7E012B81F27900AF05CD /* ProfileScreen */,
				CE8D50E22B88939000A14719 /* EditProfileScreen */,
				CE1A8BBD2B822F1E00ACB21C /* Model */,
				CED9EB0B2B6E4BBB0065FE23 /* Info.plist */,
			);
			path = "WorkoutApp(pet)";
			sourceTree = "<group>";
		};
		CED9EB142B6E4CE70065FE23 /* Resources */ = {
			isa = PBXGroup;
			children = (
				CED9EB152B6E4D060065FE23 /* Extensions */,
				CED9EB182B6E4D5C0065FE23 /* Resources.swift */,
			);
			path = Resources;
			sourceTree = "<group>";
		};
		CED9EB152B6E4D060065FE23 /* Extensions */ = {
			isa = PBXGroup;
			children = (
				CED9EB162B6E4D240065FE23 /* UIColor.swift */,
				CED9EB482B7146760065FE23 /* UIView.swift */,
			);
			path = Extensions;
			sourceTree = "<group>";
		};
		CED9EB1A2B6E4D6F0065FE23 /* Application */ = {
			isa = PBXGroup;
			children = (
				CED9EAFD2B6E4BB80065FE23 /* AppDelegate.swift */,
				CED9EAFF2B6E4BB80065FE23 /* SceneDelegate.swift */,
				CED9EB062B6E4BBB0065FE23 /* Assets.xcassets */,
				CED9EB082B6E4BBB0065FE23 /* LaunchScreen.storyboard */,
			);
			path = Application;
			sourceTree = "<group>";
		};
		CED9EB1B2B6E4DCA0065FE23 /* WelcomeScreen */ = {
			isa = PBXGroup;
			children = (
				CE1A8BCE2B87DC3200ACB21C /* Navigation */,
				CED9EB1C2B6E4DFC0065FE23 /* Views */,
				CED9EB012B6E4BB80065FE23 /* WelcomeViewController.swift */,
			);
			path = WelcomeScreen;
			sourceTree = "<group>";
		};
		CED9EB1C2B6E4DFC0065FE23 /* Views */ = {
			isa = PBXGroup;
			children = (
				CED9EB232B6E702D0065FE23 /* Buttons */,
				CED9EB282B6E796E0065FE23 /* MainLogo.swift */,
				CED9EB2A2B6E7AE10065FE23 /* SignInLabel.swift */,
			);
			path = Views;
			sourceTree = "<group>";
		};
		CED9EB202B6E4E480065FE23 /* RegistrationScreen */ = {
			isa = PBXGroup;
			children = (
				CED9EB532B715A9D0065FE23 /* Navigation */,
				CED9EB2E2B6E7F890065FE23 /* Views */,
				CED9EB212B6E4E680065FE23 /* RegistrationViewController.swift */,
			);
			path = RegistrationScreen;
			sourceTree = "<group>";
		};
		CED9EB232B6E702D0065FE23 /* Buttons */ = {
			isa = PBXGroup;
			children = (
				CED9EB1E2B6E4E1A0065FE23 /* SignUpButton.swift */,
				CED9EB242B6E70430065FE23 /* SignInButton.swift */,
			);
			path = Buttons;
			sourceTree = "<group>";
		};
		CED9EB2E2B6E7F890065FE23 /* Views */ = {
			isa = PBXGroup;
			children = (
				CED9EB302B6E7FA30065FE23 /* Labels */,
				CED9EB2F2B6E7F9D0065FE23 /* TextFields */,
			);
			path = Views;
			sourceTree = "<group>";
		};
		CED9EB2F2B6E7F9D0065FE23 /* TextFields */ = {
			isa = PBXGroup;
			children = (
				CED9EB342B6FCC610065FE23 /* NameTextField.swift */,
				CED9EB362B6FD4A20065FE23 /* LastNameTextField.swift */,
				CED9EB382B6FD5450065FE23 /* EmailTextField.swift */,
				CED9EB3A2B700CD20065FE23 /* PasswordTextField.swift */,
				CED9EB3C2B700CF30065FE23 /* ConfirmPasswordTextField.swift */,
			);
			path = TextFields;
			sourceTree = "<group>";
		};
		CED9EB302B6E7FA30065FE23 /* Labels */ = {
			isa = PBXGroup;
			children = (
				CED9EB322B6E8B6E0065FE23 /* RegistrationLabel.swift */,
			);
			path = Labels;
			sourceTree = "<group>";
		};
		CED9EB3E2B70112E0065FE23 /* AuthorisationScreen */ = {
			isa = PBXGroup;
			children = (
				CE1A8BCC2B87DC0900ACB21C /* Navigation */,
				CE1A8BCB2B87DBFD00ACB21C /* Views */,
				CED9EB3F2B7011970065FE23 /* AuthorisationViewController.swift */,
			);
			path = AuthorisationScreen;
			sourceTree = "<group>";
		};
		CED9EB412B7012160065FE23 /* TextFields */ = {
			isa = PBXGroup;
			children = (
				CED9EB432B7015AF0065FE23 /* LogInEmailTextField.swift */,
				CED9EB462B71130C0065FE23 /* LogInPasswordTextField.swift */,
			);
			path = TextFields;
			sourceTree = "<group>";
		};
		CED9EB422B7012240065FE23 /* Buttons */ = {
			isa = PBXGroup;
			children = (
				CED9EB542B715DCA0065FE23 /* AuthSignInButton.swift */,
			);
			path = Buttons;
			sourceTree = "<group>";
		};
		CED9EB4B2B7159EC0065FE23 /* ExerciseScreen */ = {
			isa = PBXGroup;
			children = (
				CEAC7E1C2B82253C00AF05CD /* Navigation */,
				CED9EB4C2B715A1A0065FE23 /* ExerciseScreenViewController.swift */,
				CE1A8BC42B82644D00ACB21C /* ExerciseViewModel.swift */,
				CE1A8BC62B826BC800ACB21C /* ExerciseCell.swift */,
			);
			path = ExerciseScreen;
			sourceTree = "<group>";
		};
		CED9EB532B715A9D0065FE23 /* Navigation */ = {
			isa = PBXGroup;
			children = (
				CED9EB4E2B715A520065FE23 /* RegistrationRouter.swift */,
				CED9EB512B715A870065FE23 /* RegistrationAssembler.swift */,
			);
			path = Navigation;
			sourceTree = "<group>";
		};
		CED9EB612B7258B50065FE23 /* TabController */ = {
			isa = PBXGroup;
			children = (
				CE1A8BCD2B87DC1700ACB21C /* Navigation */,
				CED9EB622B7258DD0065FE23 /* TabController.swift */,
			);
			path = TabController;
			sourceTree = "<group>";
		};
		CED9EB642B72594B0065FE23 /* ProgressScreen */ = {
			isa = PBXGroup;
			children = (
				CEAC7E1D2B82254700AF05CD /* Navigation */,
				CED9EB6B2B7259DE0065FE23 /* ProgressScreenViewController.swift */,
			);
			path = ProgressScreen;
			sourceTree = "<group>";
		};
		CED9EB652B7259560065FE23 /* NotesScreen */ = {
			isa = PBXGroup;
			children = (
				CE00CCE72B974AAD001E1E8B /* Views */,
				CEAC7E1E2B82255200AF05CD /* Navigation */,
				CED9EB692B7259BB0065FE23 /* NotesScreenViewController.swift */,
			);
			path = NotesScreen;
			sourceTree = "<group>";
		};
/* End PBXGroup section */

/* Begin PBXNativeTarget section */
		CED9EAF92B6E4BB80065FE23 /* WorkoutApp(pet) */ = {
			isa = PBXNativeTarget;
			buildConfigurationList = CED9EB0E2B6E4BBB0065FE23 /* Build configuration list for PBXNativeTarget "WorkoutApp(pet)" */;
			buildPhases = (
				CED9EAF62B6E4BB80065FE23 /* Sources */,
				CED9EAF72B6E4BB80065FE23 /* Frameworks */,
				CED9EAF82B6E4BB80065FE23 /* Resources */,
			);
			buildRules = (
			);
			dependencies = (
			);
			name = "WorkoutApp(pet)";
			productName = "WorkoutApp(pet)";
			productReference = CED9EAFA2B6E4BB80065FE23 /* WorkoutApp(pet).app */;
			productType = "com.apple.product-type.application";
		};
/* End PBXNativeTarget section */

/* Begin PBXProject section */
		CED9EAF22B6E4BB80065FE23 /* Project object */ = {
			isa = PBXProject;
			attributes = {
				LastSwiftUpdateCheck = 1250;
				LastUpgradeCheck = 1250;
				TargetAttributes = {
					CED9EAF92B6E4BB80065FE23 = {
						CreatedOnToolsVersion = 12.5.1;
					};
				};
			};
			buildConfigurationList = CED9EAF52B6E4BB80065FE23 /* Build configuration list for PBXProject "WorkoutApp(pet)" */;
			compatibilityVersion = "Xcode 9.3";
			developmentRegion = en;
			hasScannedForEncodings = 0;
			knownRegions = (
				en,
				Base,
			);
			mainGroup = CED9EAF12B6E4BB80065FE23;
			productRefGroup = CED9EAFB2B6E4BB80065FE23 /* Products */;
			projectDirPath = "";
			projectRoot = "";
			targets = (
				CED9EAF92B6E4BB80065FE23 /* WorkoutApp(pet) */,
			);
		};
/* End PBXProject section */

/* Begin PBXResourcesBuildPhase section */
		CED9EAF82B6E4BB80065FE23 /* Resources */ = {
			isa = PBXResourcesBuildPhase;
			buildActionMask = 2147483647;
			files = (
				CED9EB0A2B6E4BBB0065FE23 /* LaunchScreen.storyboard in Resources */,
				CED9EB072B6E4BBB0065FE23 /* Assets.xcassets in Resources */,
			);
			runOnlyForDeploymentPostprocessing = 0;
		};
/* End PBXResourcesBuildPhase section */

/* Begin PBXSourcesBuildPhase section */
		CED9EAF62B6E4BB80065FE23 /* Sources */ = {
			isa = PBXSourcesBuildPhase;
			buildActionMask = 2147483647;
			files = (
				CE00CCE22B922DE6001E1E8B /* InstructionsLabel.swift in Sources */,
				CEAC7E132B81F43700AF05CD /* ProfileRouter.swift in Sources */,
				CED9EB392B6FD5460065FE23 /* EmailTextField.swift in Sources */,
				CED9EB372B6FD4A20065FE23 /* LastNameTextField.swift in Sources */,
				CE1A8BC72B826BC800ACB21C /* ExerciseCell.swift in Sources */,
				CE1A8BE12B87E67900ACB21C /* BMIDescriptionLabel.swift in Sources */,
				CEAC7E192B81F6CE00AF05CD /* TabAssembler.swift in Sources */,
				CE1A8BDF2B87E65C00ACB21C /* BMILabel.swift in Sources */,
				CED9EB442B7015AF0065FE23 /* LogInEmailTextField.swift in Sources */,
				CE8D50F52B8A35BB00A14719 /* GenderSegmentController.swift in Sources */,
				CED9EB6C2B7259DE0065FE23 /* ProgressScreenViewController.swift in Sources */,
				CED9EB522B715A870065FE23 /* RegistrationAssembler.swift in Sources */,
				CEAC7E172B81F47100AF05CD /* AutoristaionRouter.swift in Sources */,
				CED9EB3B2B700CD20065FE23 /* PasswordTextField.swift in Sources */,
				CEAC7E152B81F46500AF05CD /* AuthorisationAssembler.swift in Sources */,
				CE00CCDC2B922DB7001E1E8B /* ExerciseTypeLabel.swift in Sources */,
				CED9EB132B6E4CAD0065FE23 /* WelcomeRouter.swift in Sources */,
				CEAC7E112B81F42900AF05CD /* ProfileAssembler.swift in Sources */,
				CE8D50EF2B88E53400A14719 /* AgeTextField.swift in Sources */,
				CE00CCEB2B974ACD001E1E8B /* FoodNotesView.swift in Sources */,
				CE1A8BD72B87E63000ACB21C /* GenderLabel.swift in Sources */,
				CED9EB272B6E72C80065FE23 /* WelcomeAssembler.swift in Sources */,
				CED9EB472B71130C0065FE23 /* LogInPasswordTextField.swift in Sources */,
				CED9EB492B7146760065FE23 /* UIView.swift in Sources */,
				CE1A8BD92B87E63800ACB21C /* AgeLabel.swift in Sources */,
				CE00CCE02B922DDA001E1E8B /* DifficultyLabel.swift in Sources */,
				CED9EB022B6E4BB80065FE23 /* WelcomeViewController.swift in Sources */,
				CE1A8BBF2B822F2D00ACB21C /* Exercise.swift in Sources */,
				CE8D50E92B88986800A14719 /* EditProfileScreenAssembler.swift in Sources */,
				CED9EB4F2B715A520065FE23 /* RegistrationRouter.swift in Sources */,
				CED9EB352B6FCC610065FE23 /* NameTextField.swift in Sources */,
				CED9EB222B6E4E680065FE23 /* RegistrationViewController.swift in Sources */,
				CE8D50F32B88EA7400A14719 /* HeightTextField.swift in Sources */,
				CED9EB402B7011970065FE23 /* AuthorisationViewController.swift in Sources */,
				CED9EB552B715DCA0065FE23 /* AuthSignInButton.swift in Sources */,
				CE00CCE62B923763001E1E8B /* MuscleLabel.swift in Sources */,
				CEAA4EC82B8D09C70004F369 /* ExerciseInfoController.swift in Sources */,
				CE1A8BC32B8256C000ACB21C /* NetworkService.swift in Sources */,
				CEAC7E052B81F3C800AF05CD /* HomeAssembler.swift in Sources */,
				CE8D50F72B8A40BD00A14719 /* SelectPhotoButton.swift in Sources */,
				CEAC7E0D2B81F40D00AF05CD /* NotesAssembler.swift in Sources */,
				CED9EAFE2B6E4BB80065FE23 /* AppDelegate.swift in Sources */,
				CED9EB3D2B700CF30065FE23 /* ConfirmPasswordTextField.swift in Sources */,
				CE1A8BDD2B87E64E00ACB21C /* HeightLabel.swift in Sources */,
				CEAC7E032B81F2FE00AF05CD /* ProfileScreenViewController.swift in Sources */,
				CE1A8BC52B82644D00ACB21C /* ExerciseViewModel.swift in Sources */,
				CE1A8BDB2B87E64500ACB21C /* WeightLabel.swift in Sources */,
				CEAC7E1B2B81F6D900AF05CD /* TabRouter.swift in Sources */,
				CED9EB192B6E4D5C0065FE23 /* Resources.swift in Sources */,
				CEAC7E072B81F3D300AF05CD /* HomeRouter.swift in Sources */,
				CE00CCE42B9232C1001E1E8B /* ExerciseInfoViewModel.swift in Sources */,
				CED9EB252B6E70430065FE23 /* SignInButton.swift in Sources */,
				CEAC7E0B2B81F3FD00AF05CD /* ProgressRouter.swift in Sources */,
				CED9EB4D2B715A1A0065FE23 /* ExerciseScreenViewController.swift in Sources */,
				CED9EB002B6E4BB80065FE23 /* SceneDelegate.swift in Sources */,
				CED9EB172B6E4D240065FE23 /* UIColor.swift in Sources */,
				CE00CCED2B977C70001E1E8B /* TrainTableView.swift in Sources */,
				CEAC7E092B81F3ED00AF05CD /* ProgressAssembler.swift in Sources */,
				CE1A8BD22B87E60200ACB21C /* PhotoLabel.swift in Sources */,
				CE00CCE92B974AC4001E1E8B /* TrainNotesView.swift in Sources */,
				CED9EB632B7258DD0065FE23 /* TabController.swift in Sources */,
				CE8D50F12B88E9EF00A14719 /* WeightTextField.swift in Sources */,
				CE00CCDA2B922DAB001E1E8B /* ExerciseNameLabel.swift in Sources */,
				CED9EB292B6E796E0065FE23 /* MainLogo.swift in Sources */,
				CE8D50E42B8894F300A14719 /* EditProfileViewController.swift in Sources */,
				CED9EB6A2B7259BB0065FE23 /* NotesScreenViewController.swift in Sources */,
				CED9EB332B6E8B6E0065FE23 /* RegistrationLabel.swift in Sources */,
				CED9EB2B2B6E7AE10065FE23 /* SignInLabel.swift in Sources */,
				CEAC7E0F2B81F41600AF05CD /* NotesRouter.swift in Sources */,
				CE00CCDE2B922DC8001E1E8B /* EquipmentLabel.swift in Sources */,
				CE1A8BD52B87E62500ACB21C /* NameLabel.swift in Sources */,
				CE8D50E72B88985900A14719 /* EditProfileScreenRouter.swift in Sources */,
				CED9EB1F2B6E4E1A0065FE23 /* SignUpButton.swift in Sources */,
				CE1A8BD02B87DC7700ACB21C /* ProfilePhotoView.swift in Sources */,
			);
			runOnlyForDeploymentPostprocessing = 0;
		};
/* End PBXSourcesBuildPhase section */

/* Begin PBXVariantGroup section */
		CED9EB082B6E4BBB0065FE23 /* LaunchScreen.storyboard */ = {
			isa = PBXVariantGroup;
			children = (
				CED9EB092B6E4BBB0065FE23 /* Base */,
			);
			name = LaunchScreen.storyboard;
			sourceTree = "<group>";
		};
/* End PBXVariantGroup section */

/* Begin XCBuildConfiguration section */
		CED9EB0C2B6E4BBB0065FE23 /* Debug */ = {
			isa = XCBuildConfiguration;
			buildSettings = {
				ALWAYS_SEARCH_USER_PATHS = NO;
				CLANG_ANALYZER_NONNULL = YES;
				CLANG_ANALYZER_NUMBER_OBJECT_CONVERSION = YES_AGGRESSIVE;
				CLANG_CXX_LANGUAGE_STANDARD = "gnu++14";
				CLANG_CXX_LIBRARY = "libc++";
				CLANG_ENABLE_MODULES = YES;
				CLANG_ENABLE_OBJC_ARC = YES;
				CLANG_ENABLE_OBJC_WEAK = YES;
				CLANG_WARN_BLOCK_CAPTURE_AUTORELEASING = YES;
				CLANG_WARN_BOOL_CONVERSION = YES;
				CLANG_WARN_COMMA = YES;
				CLANG_WARN_CONSTANT_CONVERSION = YES;
				CLANG_WARN_DEPRECATED_OBJC_IMPLEMENTATIONS = YES;
				CLANG_WARN_DIRECT_OBJC_ISA_USAGE = YES_ERROR;
				CLANG_WARN_DOCUMENTATION_COMMENTS = YES;
				CLANG_WARN_EMPTY_BODY = YES;
				CLANG_WARN_ENUM_CONVERSION = YES;
				CLANG_WARN_INFINITE_RECURSION = YES;
				CLANG_WARN_INT_CONVERSION = YES;
				CLANG_WARN_NON_LITERAL_NULL_CONVERSION = YES;
				CLANG_WARN_OBJC_IMPLICIT_RETAIN_SELF = YES;
				CLANG_WARN_OBJC_LITERAL_CONVERSION = YES;
				CLANG_WARN_OBJC_ROOT_CLASS = YES_ERROR;
				CLANG_WARN_QUOTED_INCLUDE_IN_FRAMEWORK_HEADER = YES;
				CLANG_WARN_RANGE_LOOP_ANALYSIS = YES;
				CLANG_WARN_STRICT_PROTOTYPES = YES;
				CLANG_WARN_SUSPICIOUS_MOVE = YES;
				CLANG_WARN_UNGUARDED_AVAILABILITY = YES_AGGRESSIVE;
				CLANG_WARN_UNREACHABLE_CODE = YES;
				CLANG_WARN__DUPLICATE_METHOD_MATCH = YES;
				COPY_PHASE_STRIP = NO;
				DEBUG_INFORMATION_FORMAT = dwarf;
				ENABLE_STRICT_OBJC_MSGSEND = YES;
				ENABLE_TESTABILITY = YES;
				GCC_C_LANGUAGE_STANDARD = gnu11;
				GCC_DYNAMIC_NO_PIC = NO;
				GCC_NO_COMMON_BLOCKS = YES;
				GCC_OPTIMIZATION_LEVEL = 0;
				GCC_PREPROCESSOR_DEFINITIONS = (
					"DEBUG=1",
					"$(inherited)",
				);
				GCC_WARN_64_TO_32_BIT_CONVERSION = YES;
				GCC_WARN_ABOUT_RETURN_TYPE = YES_ERROR;
				GCC_WARN_UNDECLARED_SELECTOR = YES;
				GCC_WARN_UNINITIALIZED_AUTOS = YES_AGGRESSIVE;
				GCC_WARN_UNUSED_FUNCTION = YES;
				GCC_WARN_UNUSED_VARIABLE = YES;
				IPHONEOS_DEPLOYMENT_TARGET = 14.5;
				MTL_ENABLE_DEBUG_INFO = INCLUDE_SOURCE;
				MTL_FAST_MATH = YES;
				ONLY_ACTIVE_ARCH = YES;
				SDKROOT = iphoneos;
				SWIFT_ACTIVE_COMPILATION_CONDITIONS = DEBUG;
				SWIFT_OPTIMIZATION_LEVEL = "-Onone";
			};
			name = Debug;
		};
		CED9EB0D2B6E4BBB0065FE23 /* Release */ = {
			isa = XCBuildConfiguration;
			buildSettings = {
				ALWAYS_SEARCH_USER_PATHS = NO;
				CLANG_ANALYZER_NONNULL = YES;
				CLANG_ANALYZER_NUMBER_OBJECT_CONVERSION = YES_AGGRESSIVE;
				CLANG_CXX_LANGUAGE_STANDARD = "gnu++14";
				CLANG_CXX_LIBRARY = "libc++";
				CLANG_ENABLE_MODULES = YES;
				CLANG_ENABLE_OBJC_ARC = YES;
				CLANG_ENABLE_OBJC_WEAK = YES;
				CLANG_WARN_BLOCK_CAPTURE_AUTORELEASING = YES;
				CLANG_WARN_BOOL_CONVERSION = YES;
				CLANG_WARN_COMMA = YES;
				CLANG_WARN_CONSTANT_CONVERSION = YES;
				CLANG_WARN_DEPRECATED_OBJC_IMPLEMENTATIONS = YES;
				CLANG_WARN_DIRECT_OBJC_ISA_USAGE = YES_ERROR;
				CLANG_WARN_DOCUMENTATION_COMMENTS = YES;
				CLANG_WARN_EMPTY_BODY = YES;
				CLANG_WARN_ENUM_CONVERSION = YES;
				CLANG_WARN_INFINITE_RECURSION = YES;
				CLANG_WARN_INT_CONVERSION = YES;
				CLANG_WARN_NON_LITERAL_NULL_CONVERSION = YES;
				CLANG_WARN_OBJC_IMPLICIT_RETAIN_SELF = YES;
				CLANG_WARN_OBJC_LITERAL_CONVERSION = YES;
				CLANG_WARN_OBJC_ROOT_CLASS = YES_ERROR;
				CLANG_WARN_QUOTED_INCLUDE_IN_FRAMEWORK_HEADER = YES;
				CLANG_WARN_RANGE_LOOP_ANALYSIS = YES;
				CLANG_WARN_STRICT_PROTOTYPES = YES;
				CLANG_WARN_SUSPICIOUS_MOVE = YES;
				CLANG_WARN_UNGUARDED_AVAILABILITY = YES_AGGRESSIVE;
				CLANG_WARN_UNREACHABLE_CODE = YES;
				CLANG_WARN__DUPLICATE_METHOD_MATCH = YES;
				COPY_PHASE_STRIP = NO;
				DEBUG_INFORMATION_FORMAT = "dwarf-with-dsym";
				ENABLE_NS_ASSERTIONS = NO;
				ENABLE_STRICT_OBJC_MSGSEND = YES;
				GCC_C_LANGUAGE_STANDARD = gnu11;
				GCC_NO_COMMON_BLOCKS = YES;
				GCC_WARN_64_TO_32_BIT_CONVERSION = YES;
				GCC_WARN_ABOUT_RETURN_TYPE = YES_ERROR;
				GCC_WARN_UNDECLARED_SELECTOR = YES;
				GCC_WARN_UNINITIALIZED_AUTOS = YES_AGGRESSIVE;
				GCC_WARN_UNUSED_FUNCTION = YES;
				GCC_WARN_UNUSED_VARIABLE = YES;
				IPHONEOS_DEPLOYMENT_TARGET = 14.5;
				MTL_ENABLE_DEBUG_INFO = NO;
				MTL_FAST_MATH = YES;
				SDKROOT = iphoneos;
				SWIFT_COMPILATION_MODE = wholemodule;
				SWIFT_OPTIMIZATION_LEVEL = "-O";
				VALIDATE_PRODUCT = YES;
			};
			name = Release;
		};
		CED9EB0F2B6E4BBB0065FE23 /* Debug */ = {
			isa = XCBuildConfiguration;
			buildSettings = {
				ASSETCATALOG_COMPILER_APPICON_NAME = AppIcon;
				ASSETCATALOG_COMPILER_GLOBAL_ACCENT_COLOR_NAME = AccentColor;
				CODE_SIGN_STYLE = Automatic;
				INFOPLIST_FILE = "WorkoutApp(pet)/Info.plist";
				LD_RUNPATH_SEARCH_PATHS = (
					"$(inherited)",
					"@executable_path/Frameworks",
				);
				PRODUCT_BUNDLE_IDENTIFIER = "Ru.WorkoutApp-pet-";
				PRODUCT_NAME = "$(TARGET_NAME)";
				SWIFT_VERSION = 5.0;
				TARGETED_DEVICE_FAMILY = 1;
			};
			name = Debug;
		};
		CED9EB102B6E4BBB0065FE23 /* Release */ = {
			isa = XCBuildConfiguration;
			buildSettings = {
				ASSETCATALOG_COMPILER_APPICON_NAME = AppIcon;
				ASSETCATALOG_COMPILER_GLOBAL_ACCENT_COLOR_NAME = AccentColor;
				CODE_SIGN_STYLE = Automatic;
				INFOPLIST_FILE = "WorkoutApp(pet)/Info.plist";
				LD_RUNPATH_SEARCH_PATHS = (
					"$(inherited)",
					"@executable_path/Frameworks",
				);
				PRODUCT_BUNDLE_IDENTIFIER = "Ru.WorkoutApp-pet-";
				PRODUCT_NAME = "$(TARGET_NAME)";
				SWIFT_VERSION = 5.0;
				TARGETED_DEVICE_FAMILY = 1;
			};
			name = Release;
		};
/* End XCBuildConfiguration section */

/* Begin XCConfigurationList section */
		CED9EAF52B6E4BB80065FE23 /* Build configuration list for PBXProject "WorkoutApp(pet)" */ = {
			isa = XCConfigurationList;
			buildConfigurations = (
				CED9EB0C2B6E4BBB0065FE23 /* Debug */,
				CED9EB0D2B6E4BBB0065FE23 /* Release */,
			);
			defaultConfigurationIsVisible = 0;
			defaultConfigurationName = Release;
		};
		CED9EB0E2B6E4BBB0065FE23 /* Build configuration list for PBXNativeTarget "WorkoutApp(pet)" */ = {
			isa = XCConfigurationList;
			buildConfigurations = (
				CED9EB0F2B6E4BBB0065FE23 /* Debug */,
				CED9EB102B6E4BBB0065FE23 /* Release */,
			);
			defaultConfigurationIsVisible = 0;
			defaultConfigurationName = Release;
		};
/* End XCConfigurationList section */
	};
	rootObject = CED9EAF22B6E4BB80065FE23 /* Project object */;
}
